{
  "version": 4,
  "terraform_version": "1.6.6",
  "serial": 307,
  "lineage": "0bc805d0-cf45-d3e0-e87b-ce4ca9425569",
  "outputs": {
    "information": {
      "value": [
        {
          "0": {
            "vm_address": [
              [
                "192.168.122.178"
              ]
            ],
            "vm_name": [
              "k8sma1"
            ]
          },
          "1": {
            "vm_address": [
              [
                "192.168.122.210"
              ]
            ],
            "vm_name": [
              "k8sma2"
            ]
          },
          "2": {
            "vm_address": [
              [
                "192.168.122.168"
              ]
            ],
            "vm_name": [
              "k8sma3"
            ]
          },
          "3": {
            "vm_address": [
              [
                "192.168.122.244"
              ]
            ],
            "vm_name": [
              "k8swk1"
            ]
          },
          "4": {
            "vm_address": [
              [
                "192.168.122.190"
              ]
            ],
            "vm_name": [
              "k8swk2"
            ]
          },
          "5": {
            "vm_address": [
              [
                "192.168.122.169"
              ]
            ],
            "vm_name": [
              "k8swk3"
            ]
          }
        }
      ],
      "type": [
        "tuple",
        [
          [
            "object",
            {
              "0": [
                "object",
                {
                  "vm_address": [
                    "tuple",
                    [
                      [
                        "list",
                        "string"
                      ]
                    ]
                  ],
                  "vm_name": [
                    "tuple",
                    [
                      "string"
                    ]
                  ]
                }
              ],
              "1": [
                "object",
                {
                  "vm_address": [
                    "tuple",
                    [
                      [
                        "list",
                        "string"
                      ]
                    ]
                  ],
                  "vm_name": [
                    "tuple",
                    [
                      "string"
                    ]
                  ]
                }
              ],
              "2": [
                "object",
                {
                  "vm_address": [
                    "tuple",
                    [
                      [
                        "list",
                        "string"
                      ]
                    ]
                  ],
                  "vm_name": [
                    "tuple",
                    [
                      "string"
                    ]
                  ]
                }
              ],
              "3": [
                "object",
                {
                  "vm_address": [
                    "tuple",
                    [
                      [
                        "list",
                        "string"
                      ]
                    ]
                  ],
                  "vm_name": [
                    "tuple",
                    [
                      "string"
                    ]
                  ]
                }
              ],
              "4": [
                "object",
                {
                  "vm_address": [
                    "tuple",
                    [
                      [
                        "list",
                        "string"
                      ]
                    ]
                  ],
                  "vm_name": [
                    "tuple",
                    [
                      "string"
                    ]
                  ]
                }
              ],
              "5": [
                "object",
                {
                  "vm_address": [
                    "tuple",
                    [
                      [
                        "list",
                        "string"
                      ]
                    ]
                  ],
                  "vm_name": [
                    "tuple",
                    [
                      "string"
                    ]
                  ]
                }
              ]
            }
          ]
        ]
      ]
    }
  },
  "resources": [
    {
      "module": "module.vm[\"0\"]",
      "mode": "data",
      "type": "template_cloudinit_config",
      "name": "config",
      "provider": "provider[\"registry.terraform.io/hashicorp/template\"]",
      "instances": [
        {
          "schema_version": 0,
          "attributes": {
            "base64_encode": false,
            "gzip": false,
            "id": "146126779",
            "part": [
              {
                "content": "hostname: k8sma1\nfqdn: k8sma1.k8s.xprd.local\nmanage_etc_hosts: true\nusers:\n  - name: xavier\n    sudo: ALL=(ALL) NOPASSWD:ALL\n    groups: users, admin\n    home: /home/xavier\n    shell: /bin/bash\n    lock_passwd: false\n    ssh-authorized-keys:\n      - ssh-rsa AAAAB3NzaC1yc2EAAAADAQABAAABgQDMR4HezAMTlMSt9Z/5g67MlJ4v3CkC9wtVKwwDpVil5Y6T8AltmGL3NvNueQUK0BtWgt/r//yCeFl2JhJYCXsXC85GMXQdruZcFWCe8iUiam+uryghwwTf7uazvDtAEjI1TJl5YAs2ZprUn7VfbbJyHK61JkJuIMcaXo2Eg1R3aphLjqriEK6/ho5JpSylVwpWS5gj1bw7nhzKAJvffgLGmKewZddQ+VOavTQu0q/PE7k7qtaZhw9VS6pLODaD7OKLzWKA+weka0tsWQnCvm9BE8uOysbBx3qfYy2j1bXYwldNlVL6fDv9LTxIjB2HE5YV9V/kR6g9Y6RoaxHFCIWFdee4ULYAQhTOavzB55AmaJ+64HOmGr8cJbLi1CYU2WuNhOpSG4+GGZPX3cKZ3v3RRI/1/hUfP8h+7j4wZnlwH24hJn3OhkTWZ2iNqAwwWT7Ric3XV7xsdicbP+eA5JA58PA7LxsKZoGd0iharl/GloFlG+YL9Pfl/X0+y/SL/s0= xavier@zubuntu\n\nssh_pwauth: true\ndisable_root: false\nchpasswd:\n  list: |\n    xavier:linux\n  expire: False\npackages:\n    - qemu-guest-agent\n    - python3\nbootcmd:\n    - [ sh, -c, 'echo $(date) | sudo tee -a /root/bootcmd.log' ]\nruncmd:\n    - [ sh, -c, 'echo $(date) | sudo tee -a /root/runcmd.log' ]\nfinal_message: \"The system is finall up, after $UPTIME seconds\"\npower_state:\n  delay: \"+30\"\n  mode: reboot\n  message: Bye Bye\n  timeout: 30\n  condition: True\n",
                "content_type": "text/cloud-config",
                "filename": "init.cfg",
                "merge_type": ""
              }
            ],
            "rendered": "Content-Type: multipart/mixed; boundary=\"MIMEBOUNDARY\"\nMIME-Version: 1.0\r\n\r\n--MIMEBOUNDARY\r\nContent-Disposition: attachment; filename=\"init.cfg\"\r\nContent-Transfer-Encoding: 7bit\r\nContent-Type: text/cloud-config\r\nMime-Version: 1.0\r\n\r\nhostname: k8sma1\nfqdn: k8sma1.k8s.xprd.local\nmanage_etc_hosts: true\nusers:\n  - name: xavier\n    sudo: ALL=(ALL) NOPASSWD:ALL\n    groups: users, admin\n    home: /home/xavier\n    shell: /bin/bash\n    lock_passwd: false\n    ssh-authorized-keys:\n      - ssh-rsa AAAAB3NzaC1yc2EAAAADAQABAAABgQDMR4HezAMTlMSt9Z/5g67MlJ4v3CkC9wtVKwwDpVil5Y6T8AltmGL3NvNueQUK0BtWgt/r//yCeFl2JhJYCXsXC85GMXQdruZcFWCe8iUiam+uryghwwTf7uazvDtAEjI1TJl5YAs2ZprUn7VfbbJyHK61JkJuIMcaXo2Eg1R3aphLjqriEK6/ho5JpSylVwpWS5gj1bw7nhzKAJvffgLGmKewZddQ+VOavTQu0q/PE7k7qtaZhw9VS6pLODaD7OKLzWKA+weka0tsWQnCvm9BE8uOysbBx3qfYy2j1bXYwldNlVL6fDv9LTxIjB2HE5YV9V/kR6g9Y6RoaxHFCIWFdee4ULYAQhTOavzB55AmaJ+64HOmGr8cJbLi1CYU2WuNhOpSG4+GGZPX3cKZ3v3RRI/1/hUfP8h+7j4wZnlwH24hJn3OhkTWZ2iNqAwwWT7Ric3XV7xsdicbP+eA5JA58PA7LxsKZoGd0iharl/GloFlG+YL9Pfl/X0+y/SL/s0= xavier@zubuntu\n\nssh_pwauth: true\ndisable_root: false\nchpasswd:\n  list: |\n    xavier:linux\n  expire: False\npackages:\n    - qemu-guest-agent\n    - python3\nbootcmd:\n    - [ sh, -c, 'echo $(date) | sudo tee -a /root/bootcmd.log' ]\nruncmd:\n    - [ sh, -c, 'echo $(date) | sudo tee -a /root/runcmd.log' ]\nfinal_message: \"The system is finall up, after $UPTIME seconds\"\npower_state:\n  delay: \"+30\"\n  mode: reboot\n  message: Bye Bye\n  timeout: 30\n  condition: True\n\r\n--MIMEBOUNDARY--\r\n"
          },
          "sensitive_attributes": []
        }
      ]
    },
    {
      "module": "module.vm[\"0\"]",
      "mode": "data",
      "type": "template_file",
      "name": "network_config",
      "provider": "provider[\"registry.terraform.io/hashicorp/template\"]",
      "instances": [
        {
          "schema_version": 0,
          "attributes": {
            "filename": null,
            "id": "b36a1372ce4ea68b514354202c26c0365df9a17f25cd5acdeeaea525cd913edc",
            "rendered": "version: 2\nethernets:\n  ens3:\n    dhcp4: true\n",
            "template": "version: 2\nethernets:\n  ens3:\n    dhcp4: true\n",
            "vars": null
          },
          "sensitive_attributes": []
        }
      ]
    },
    {
      "module": "module.vm[\"0\"]",
      "mode": "data",
      "type": "template_file",
      "name": "user_data",
      "provider": "provider[\"registry.terraform.io/hashicorp/template\"]",
      "instances": [
        {
          "schema_version": 0,
          "attributes": {
            "filename": null,
            "id": "c4687ddfcab3d1053be6ee67cf3f7c518c5f55fa9fdd2f60cb54c40c7d7be9ed",
            "rendered": "hostname: k8sma1\nfqdn: k8sma1.k8s.xprd.local\nmanage_etc_hosts: true\nusers:\n  - name: xavier\n    sudo: ALL=(ALL) NOPASSWD:ALL\n    groups: users, admin\n    home: /home/xavier\n    shell: /bin/bash\n    lock_passwd: false\n    ssh-authorized-keys:\n      - ssh-rsa AAAAB3NzaC1yc2EAAAADAQABAAABgQDMR4HezAMTlMSt9Z/5g67MlJ4v3CkC9wtVKwwDpVil5Y6T8AltmGL3NvNueQUK0BtWgt/r//yCeFl2JhJYCXsXC85GMXQdruZcFWCe8iUiam+uryghwwTf7uazvDtAEjI1TJl5YAs2ZprUn7VfbbJyHK61JkJuIMcaXo2Eg1R3aphLjqriEK6/ho5JpSylVwpWS5gj1bw7nhzKAJvffgLGmKewZddQ+VOavTQu0q/PE7k7qtaZhw9VS6pLODaD7OKLzWKA+weka0tsWQnCvm9BE8uOysbBx3qfYy2j1bXYwldNlVL6fDv9LTxIjB2HE5YV9V/kR6g9Y6RoaxHFCIWFdee4ULYAQhTOavzB55AmaJ+64HOmGr8cJbLi1CYU2WuNhOpSG4+GGZPX3cKZ3v3RRI/1/hUfP8h+7j4wZnlwH24hJn3OhkTWZ2iNqAwwWT7Ric3XV7xsdicbP+eA5JA58PA7LxsKZoGd0iharl/GloFlG+YL9Pfl/X0+y/SL/s0= xavier@zubuntu\n\nssh_pwauth: true\ndisable_root: false\nchpasswd:\n  list: |\n    xavier:linux\n  expire: False\npackages:\n    - qemu-guest-agent\n    - python3\nbootcmd:\n    - [ sh, -c, 'echo $(date) | sudo tee -a /root/bootcmd.log' ]\nruncmd:\n    - [ sh, -c, 'echo $(date) | sudo tee -a /root/runcmd.log' ]\nfinal_message: \"The system is finall up, after $UPTIME seconds\"\npower_state:\n  delay: \"+30\"\n  mode: reboot\n  message: Bye Bye\n  timeout: 30\n  condition: True\n",
            "template": "hostname: ${hostname}\nfqdn: ${fqdn}\nmanage_etc_hosts: true\nusers:\n  - name: ${ansible_user}\n    sudo: ALL=(ALL) NOPASSWD:ALL\n    groups: users, admin\n    home: /home/${ansible_user}\n    shell: /bin/bash\n    lock_passwd: false\n    ssh-authorized-keys:\n      - ${public_key}\nssh_pwauth: true\ndisable_root: false\nchpasswd:\n  list: |\n    ${ansible_user}:linux\n  expire: False\npackages:\n    - qemu-guest-agent\n    - python3\nbootcmd:\n    - [ sh, -c, 'echo $(date) | sudo tee -a /root/bootcmd.log' ]\nruncmd:\n    - [ sh, -c, 'echo $(date) | sudo tee -a /root/runcmd.log' ]\nfinal_message: \"The system is finall up, after $UPTIME seconds\"\npower_state:\n  delay: \"+30\"\n  mode: reboot\n  message: Bye Bye\n  timeout: 30\n  condition: True\n",
            "vars": {
              "ansible_user": "xavier",
              "fqdn": "k8sma1.k8s.xprd.local",
              "hostname": "k8sma1",
              "public_key": "ssh-rsa AAAAB3NzaC1yc2EAAAADAQABAAABgQDMR4HezAMTlMSt9Z/5g67MlJ4v3CkC9wtVKwwDpVil5Y6T8AltmGL3NvNueQUK0BtWgt/r//yCeFl2JhJYCXsXC85GMXQdruZcFWCe8iUiam+uryghwwTf7uazvDtAEjI1TJl5YAs2ZprUn7VfbbJyHK61JkJuIMcaXo2Eg1R3aphLjqriEK6/ho5JpSylVwpWS5gj1bw7nhzKAJvffgLGmKewZddQ+VOavTQu0q/PE7k7qtaZhw9VS6pLODaD7OKLzWKA+weka0tsWQnCvm9BE8uOysbBx3qfYy2j1bXYwldNlVL6fDv9LTxIjB2HE5YV9V/kR6g9Y6RoaxHFCIWFdee4ULYAQhTOavzB55AmaJ+64HOmGr8cJbLi1CYU2WuNhOpSG4+GGZPX3cKZ3v3RRI/1/hUfP8h+7j4wZnlwH24hJn3OhkTWZ2iNqAwwWT7Ric3XV7xsdicbP+eA5JA58PA7LxsKZoGd0iharl/GloFlG+YL9Pfl/X0+y/SL/s0= xavier@zubuntu\n"
            }
          },
          "sensitive_attributes": []
        }
      ]
    },
    {
      "module": "module.vm[\"0\"]",
      "mode": "managed",
      "type": "libvirt_cloudinit_disk",
      "name": "commoninit",
      "provider": "provider[\"registry.terraform.io/dmacvicar/libvirt\"].alternate",
      "instances": [
        {
          "schema_version": 0,
          "attributes": {
            "id": "/var/lib/libvirt/images/k8sma1-commoninit.iso;d55d67b8-99dd-4e88-be58-23cf53d7fe27",
            "meta_data": "",
            "name": "k8sma1-commoninit.iso",
            "network_config": "version: 2\nethernets:\n  ens3:\n    dhcp4: true\n",
            "pool": "default",
            "user_data": "Content-Type: multipart/mixed; boundary=\"MIMEBOUNDARY\"\nMIME-Version: 1.0\r\n\r\n--MIMEBOUNDARY\r\nContent-Disposition: attachment; filename=\"init.cfg\"\r\nContent-Transfer-Encoding: 7bit\r\nContent-Type: text/cloud-config\r\nMime-Version: 1.0\r\n\r\nhostname: k8sma1\nfqdn: k8sma1.k8s.xprd.local\nmanage_etc_hosts: true\nusers:\n  - name: xavier\n    sudo: ALL=(ALL) NOPASSWD:ALL\n    groups: users, admin\n    home: /home/xavier\n    shell: /bin/bash\n    lock_passwd: false\n    ssh-authorized-keys:\n      - ssh-rsa AAAAB3NzaC1yc2EAAAADAQABAAABgQDMR4HezAMTlMSt9Z/5g67MlJ4v3CkC9wtVKwwDpVil5Y6T8AltmGL3NvNueQUK0BtWgt/r//yCeFl2JhJYCXsXC85GMXQdruZcFWCe8iUiam+uryghwwTf7uazvDtAEjI1TJl5YAs2ZprUn7VfbbJyHK61JkJuIMcaXo2Eg1R3aphLjqriEK6/ho5JpSylVwpWS5gj1bw7nhzKAJvffgLGmKewZddQ+VOavTQu0q/PE7k7qtaZhw9VS6pLODaD7OKLzWKA+weka0tsWQnCvm9BE8uOysbBx3qfYy2j1bXYwldNlVL6fDv9LTxIjB2HE5YV9V/kR6g9Y6RoaxHFCIWFdee4ULYAQhTOavzB55AmaJ+64HOmGr8cJbLi1CYU2WuNhOpSG4+GGZPX3cKZ3v3RRI/1/hUfP8h+7j4wZnlwH24hJn3OhkTWZ2iNqAwwWT7Ric3XV7xsdicbP+eA5JA58PA7LxsKZoGd0iharl/GloFlG+YL9Pfl/X0+y/SL/s0= xavier@zubuntu\n\nssh_pwauth: true\ndisable_root: false\nchpasswd:\n  list: |\n    xavier:linux\n  expire: False\npackages:\n    - qemu-guest-agent\n    - python3\nbootcmd:\n    - [ sh, -c, 'echo $(date) | sudo tee -a /root/bootcmd.log' ]\nruncmd:\n    - [ sh, -c, 'echo $(date) | sudo tee -a /root/runcmd.log' ]\nfinal_message: \"The system is finall up, after $UPTIME seconds\"\npower_state:\n  delay: \"+30\"\n  mode: reboot\n  message: Bye Bye\n  timeout: 30\n  condition: True\n\r\n--MIMEBOUNDARY--\r\n"
          },
          "sensitive_attributes": [],
          "private": "bnVsbA==",
          "dependencies": [
            "module.vm.data.template_cloudinit_config.config",
            "module.vm.data.template_file.network_config",
            "module.vm.data.template_file.user_data"
          ]
        }
      ]
    },
    {
      "module": "module.vm[\"0\"]",
      "mode": "managed",
      "type": "libvirt_domain",
      "name": "domain-ubuntu",
      "provider": "provider[\"registry.terraform.io/dmacvicar/libvirt\"].alternate",
      "instances": [
        {
          "schema_version": 0,
          "attributes": {
            "arch": "x86_64",
            "autostart": false,
            "boot_device": [],
            "cloudinit": "/var/lib/libvirt/images/k8sma1-commoninit.iso;d55d67b8-99dd-4e88-be58-23cf53d7fe27",
            "cmdline": [],
            "console": [
              {
                "source_host": "127.0.0.1",
                "source_path": "",
                "source_service": "0",
                "target_port": "0",
                "target_type": "serial",
                "type": "pty"
              }
            ],
            "coreos_ignition": null,
            "cpu": [
              {
                "mode": "custom"
              }
            ],
            "description": "",
            "disk": [
              {
                "block_device": "",
                "file": "",
                "scsi": false,
                "url": "",
                "volume_id": "/data/kvm/pool01/k8sma1-resized-os_image",
                "wwn": ""
              }
            ],
            "emulator": "/usr/bin/qemu-system-x86_64",
            "filesystem": [],
            "firmware": null,
            "fw_cfg_name": "opt/com.coreos/config",
            "graphics": [
              {
                "autoport": true,
                "listen_address": "127.0.0.1",
                "listen_type": "address",
                "type": "spice",
                "websocket": 0
              }
            ],
            "id": "8ad4f8a8-0266-4929-9587-dab41c00d6d4",
            "initrd": "",
            "kernel": "",
            "machine": "ubuntu",
            "memory": 8192,
            "metadata": null,
            "name": "k8sma1",
            "network_interface": [
              {
                "addresses": [
                  "192.168.122.178"
                ],
                "bridge": "",
                "hostname": "",
                "mac": "52:54:00:EE:C6:53",
                "macvtap": "",
                "network_id": "1ac9b7cc-e343-42a7-82e0-45b2e6252f49",
                "network_name": "default",
                "passthrough": "",
                "vepa": "",
                "wait_for_lease": false
              }
            ],
            "nvram": [],
            "qemu_agent": false,
            "running": true,
            "timeouts": null,
            "tpm": [],
            "type": "kvm",
            "vcpu": 2,
            "video": [],
            "xml": []
          },
          "sensitive_attributes": [],
          "private": "eyJlMmJmYjczMC1lY2FhLTExZTYtOGY4OC0zNDM2M2JjN2M0YzAiOnsiY3JlYXRlIjozMDAwMDAwMDAwMDB9fQ==",
          "dependencies": [
            "module.vm.data.template_cloudinit_config.config",
            "module.vm.data.template_file.network_config",
            "module.vm.data.template_file.user_data",
            "module.vm.libvirt_cloudinit_disk.commoninit",
            "module.vm.libvirt_volume.os_image",
            "module.vm.libvirt_volume.resized_os_image"
          ]
        }
      ]
    },
    {
      "module": "module.vm[\"0\"]",
      "mode": "managed",
      "type": "libvirt_volume",
      "name": "os_image",
      "provider": "provider[\"registry.terraform.io/dmacvicar/libvirt\"].alternate",
      "instances": [
        {
          "schema_version": 0,
          "attributes": {
            "base_volume_id": null,
            "base_volume_name": null,
            "base_volume_pool": null,
            "format": "qcow2",
            "id": "/data/kvm/pool01/k8sma1-os_image",
            "name": "k8sma1-os_image",
            "pool": "kvmpool01",
            "size": 2361393152,
            "source": "/home/xavier/Downloads/jammy-server-cloudimg-amd64.img",
            "xml": []
          },
          "sensitive_attributes": [],
          "private": "bnVsbA=="
        }
      ]
    },
    {
      "module": "module.vm[\"0\"]",
      "mode": "managed",
      "type": "libvirt_volume",
      "name": "resized_os_image",
      "provider": "provider[\"registry.terraform.io/dmacvicar/libvirt\"].alternate",
      "instances": [
        {
          "schema_version": 0,
          "attributes": {
            "base_volume_id": "/data/kvm/pool01/k8sma1-os_image",
            "base_volume_name": null,
            "base_volume_pool": null,
            "format": "qcow2",
            "id": "/data/kvm/pool01/k8sma1-resized-os_image",
            "name": "k8sma1-resized-os_image",
            "pool": "kvmpool01",
            "size": 21474836480,
            "source": null,
            "xml": []
          },
          "sensitive_attributes": [],
          "private": "bnVsbA==",
          "dependencies": [
            "module.vm.libvirt_volume.os_image"
          ]
        }
      ]
    },
    {
      "module": "module.vm[\"1\"]",
      "mode": "data",
      "type": "template_cloudinit_config",
      "name": "config",
      "provider": "provider[\"registry.terraform.io/hashicorp/template\"]",
      "instances": [
        {
          "schema_version": 0,
          "attributes": {
            "base64_encode": false,
            "gzip": false,
            "id": "2661239828",
            "part": [
              {
                "content": "hostname: k8sma2\nfqdn: k8sma2.k8s.xprd.local\nmanage_etc_hosts: true\nusers:\n  - name: xavier\n    sudo: ALL=(ALL) NOPASSWD:ALL\n    groups: users, admin\n    home: /home/xavier\n    shell: /bin/bash\n    lock_passwd: false\n    ssh-authorized-keys:\n      - ssh-rsa AAAAB3NzaC1yc2EAAAADAQABAAABgQDMR4HezAMTlMSt9Z/5g67MlJ4v3CkC9wtVKwwDpVil5Y6T8AltmGL3NvNueQUK0BtWgt/r//yCeFl2JhJYCXsXC85GMXQdruZcFWCe8iUiam+uryghwwTf7uazvDtAEjI1TJl5YAs2ZprUn7VfbbJyHK61JkJuIMcaXo2Eg1R3aphLjqriEK6/ho5JpSylVwpWS5gj1bw7nhzKAJvffgLGmKewZddQ+VOavTQu0q/PE7k7qtaZhw9VS6pLODaD7OKLzWKA+weka0tsWQnCvm9BE8uOysbBx3qfYy2j1bXYwldNlVL6fDv9LTxIjB2HE5YV9V/kR6g9Y6RoaxHFCIWFdee4ULYAQhTOavzB55AmaJ+64HOmGr8cJbLi1CYU2WuNhOpSG4+GGZPX3cKZ3v3RRI/1/hUfP8h+7j4wZnlwH24hJn3OhkTWZ2iNqAwwWT7Ric3XV7xsdicbP+eA5JA58PA7LxsKZoGd0iharl/GloFlG+YL9Pfl/X0+y/SL/s0= xavier@zubuntu\n\nssh_pwauth: true\ndisable_root: false\nchpasswd:\n  list: |\n    xavier:linux\n  expire: False\npackages:\n    - qemu-guest-agent\n    - python3\nbootcmd:\n    - [ sh, -c, 'echo $(date) | sudo tee -a /root/bootcmd.log' ]\nruncmd:\n    - [ sh, -c, 'echo $(date) | sudo tee -a /root/runcmd.log' ]\nfinal_message: \"The system is finall up, after $UPTIME seconds\"\npower_state:\n  delay: \"+30\"\n  mode: reboot\n  message: Bye Bye\n  timeout: 30\n  condition: True\n",
                "content_type": "text/cloud-config",
                "filename": "init.cfg",
                "merge_type": ""
              }
            ],
            "rendered": "Content-Type: multipart/mixed; boundary=\"MIMEBOUNDARY\"\nMIME-Version: 1.0\r\n\r\n--MIMEBOUNDARY\r\nContent-Disposition: attachment; filename=\"init.cfg\"\r\nContent-Transfer-Encoding: 7bit\r\nContent-Type: text/cloud-config\r\nMime-Version: 1.0\r\n\r\nhostname: k8sma2\nfqdn: k8sma2.k8s.xprd.local\nmanage_etc_hosts: true\nusers:\n  - name: xavier\n    sudo: ALL=(ALL) NOPASSWD:ALL\n    groups: users, admin\n    home: /home/xavier\n    shell: /bin/bash\n    lock_passwd: false\n    ssh-authorized-keys:\n      - ssh-rsa AAAAB3NzaC1yc2EAAAADAQABAAABgQDMR4HezAMTlMSt9Z/5g67MlJ4v3CkC9wtVKwwDpVil5Y6T8AltmGL3NvNueQUK0BtWgt/r//yCeFl2JhJYCXsXC85GMXQdruZcFWCe8iUiam+uryghwwTf7uazvDtAEjI1TJl5YAs2ZprUn7VfbbJyHK61JkJuIMcaXo2Eg1R3aphLjqriEK6/ho5JpSylVwpWS5gj1bw7nhzKAJvffgLGmKewZddQ+VOavTQu0q/PE7k7qtaZhw9VS6pLODaD7OKLzWKA+weka0tsWQnCvm9BE8uOysbBx3qfYy2j1bXYwldNlVL6fDv9LTxIjB2HE5YV9V/kR6g9Y6RoaxHFCIWFdee4ULYAQhTOavzB55AmaJ+64HOmGr8cJbLi1CYU2WuNhOpSG4+GGZPX3cKZ3v3RRI/1/hUfP8h+7j4wZnlwH24hJn3OhkTWZ2iNqAwwWT7Ric3XV7xsdicbP+eA5JA58PA7LxsKZoGd0iharl/GloFlG+YL9Pfl/X0+y/SL/s0= xavier@zubuntu\n\nssh_pwauth: true\ndisable_root: false\nchpasswd:\n  list: |\n    xavier:linux\n  expire: False\npackages:\n    - qemu-guest-agent\n    - python3\nbootcmd:\n    - [ sh, -c, 'echo $(date) | sudo tee -a /root/bootcmd.log' ]\nruncmd:\n    - [ sh, -c, 'echo $(date) | sudo tee -a /root/runcmd.log' ]\nfinal_message: \"The system is finall up, after $UPTIME seconds\"\npower_state:\n  delay: \"+30\"\n  mode: reboot\n  message: Bye Bye\n  timeout: 30\n  condition: True\n\r\n--MIMEBOUNDARY--\r\n"
          },
          "sensitive_attributes": []
        }
      ]
    },
    {
      "module": "module.vm[\"1\"]",
      "mode": "data",
      "type": "template_file",
      "name": "network_config",
      "provider": "provider[\"registry.terraform.io/hashicorp/template\"]",
      "instances": [
        {
          "schema_version": 0,
          "attributes": {
            "filename": null,
            "id": "b36a1372ce4ea68b514354202c26c0365df9a17f25cd5acdeeaea525cd913edc",
            "rendered": "version: 2\nethernets:\n  ens3:\n    dhcp4: true\n",
            "template": "version: 2\nethernets:\n  ens3:\n    dhcp4: true\n",
            "vars": null
          },
          "sensitive_attributes": []
        }
      ]
    },
    {
      "module": "module.vm[\"1\"]",
      "mode": "data",
      "type": "template_file",
      "name": "user_data",
      "provider": "provider[\"registry.terraform.io/hashicorp/template\"]",
      "instances": [
        {
          "schema_version": 0,
          "attributes": {
            "filename": null,
            "id": "ce0254362f181279e94c26fd748a1f5df2938adc52b2eea3b7d3dc00b9504dfb",
            "rendered": "hostname: k8sma2\nfqdn: k8sma2.k8s.xprd.local\nmanage_etc_hosts: true\nusers:\n  - name: xavier\n    sudo: ALL=(ALL) NOPASSWD:ALL\n    groups: users, admin\n    home: /home/xavier\n    shell: /bin/bash\n    lock_passwd: false\n    ssh-authorized-keys:\n      - ssh-rsa AAAAB3NzaC1yc2EAAAADAQABAAABgQDMR4HezAMTlMSt9Z/5g67MlJ4v3CkC9wtVKwwDpVil5Y6T8AltmGL3NvNueQUK0BtWgt/r//yCeFl2JhJYCXsXC85GMXQdruZcFWCe8iUiam+uryghwwTf7uazvDtAEjI1TJl5YAs2ZprUn7VfbbJyHK61JkJuIMcaXo2Eg1R3aphLjqriEK6/ho5JpSylVwpWS5gj1bw7nhzKAJvffgLGmKewZddQ+VOavTQu0q/PE7k7qtaZhw9VS6pLODaD7OKLzWKA+weka0tsWQnCvm9BE8uOysbBx3qfYy2j1bXYwldNlVL6fDv9LTxIjB2HE5YV9V/kR6g9Y6RoaxHFCIWFdee4ULYAQhTOavzB55AmaJ+64HOmGr8cJbLi1CYU2WuNhOpSG4+GGZPX3cKZ3v3RRI/1/hUfP8h+7j4wZnlwH24hJn3OhkTWZ2iNqAwwWT7Ric3XV7xsdicbP+eA5JA58PA7LxsKZoGd0iharl/GloFlG+YL9Pfl/X0+y/SL/s0= xavier@zubuntu\n\nssh_pwauth: true\ndisable_root: false\nchpasswd:\n  list: |\n    xavier:linux\n  expire: False\npackages:\n    - qemu-guest-agent\n    - python3\nbootcmd:\n    - [ sh, -c, 'echo $(date) | sudo tee -a /root/bootcmd.log' ]\nruncmd:\n    - [ sh, -c, 'echo $(date) | sudo tee -a /root/runcmd.log' ]\nfinal_message: \"The system is finall up, after $UPTIME seconds\"\npower_state:\n  delay: \"+30\"\n  mode: reboot\n  message: Bye Bye\n  timeout: 30\n  condition: True\n",
            "template": "hostname: ${hostname}\nfqdn: ${fqdn}\nmanage_etc_hosts: true\nusers:\n  - name: ${ansible_user}\n    sudo: ALL=(ALL) NOPASSWD:ALL\n    groups: users, admin\n    home: /home/${ansible_user}\n    shell: /bin/bash\n    lock_passwd: false\n    ssh-authorized-keys:\n      - ${public_key}\nssh_pwauth: true\ndisable_root: false\nchpasswd:\n  list: |\n    ${ansible_user}:linux\n  expire: False\npackages:\n    - qemu-guest-agent\n    - python3\nbootcmd:\n    - [ sh, -c, 'echo $(date) | sudo tee -a /root/bootcmd.log' ]\nruncmd:\n    - [ sh, -c, 'echo $(date) | sudo tee -a /root/runcmd.log' ]\nfinal_message: \"The system is finall up, after $UPTIME seconds\"\npower_state:\n  delay: \"+30\"\n  mode: reboot\n  message: Bye Bye\n  timeout: 30\n  condition: True\n",
            "vars": {
              "ansible_user": "xavier",
              "fqdn": "k8sma2.k8s.xprd.local",
              "hostname": "k8sma2",
              "public_key": "ssh-rsa AAAAB3NzaC1yc2EAAAADAQABAAABgQDMR4HezAMTlMSt9Z/5g67MlJ4v3CkC9wtVKwwDpVil5Y6T8AltmGL3NvNueQUK0BtWgt/r//yCeFl2JhJYCXsXC85GMXQdruZcFWCe8iUiam+uryghwwTf7uazvDtAEjI1TJl5YAs2ZprUn7VfbbJyHK61JkJuIMcaXo2Eg1R3aphLjqriEK6/ho5JpSylVwpWS5gj1bw7nhzKAJvffgLGmKewZddQ+VOavTQu0q/PE7k7qtaZhw9VS6pLODaD7OKLzWKA+weka0tsWQnCvm9BE8uOysbBx3qfYy2j1bXYwldNlVL6fDv9LTxIjB2HE5YV9V/kR6g9Y6RoaxHFCIWFdee4ULYAQhTOavzB55AmaJ+64HOmGr8cJbLi1CYU2WuNhOpSG4+GGZPX3cKZ3v3RRI/1/hUfP8h+7j4wZnlwH24hJn3OhkTWZ2iNqAwwWT7Ric3XV7xsdicbP+eA5JA58PA7LxsKZoGd0iharl/GloFlG+YL9Pfl/X0+y/SL/s0= xavier@zubuntu\n"
            }
          },
          "sensitive_attributes": []
        }
      ]
    },
    {
      "module": "module.vm[\"1\"]",
      "mode": "managed",
      "type": "libvirt_cloudinit_disk",
      "name": "commoninit",
      "provider": "provider[\"registry.terraform.io/dmacvicar/libvirt\"].alternate",
      "instances": [
        {
          "schema_version": 0,
          "attributes": {
            "id": "/var/lib/libvirt/images/k8sma2-commoninit.iso;9410c4ee-af80-4480-90c6-01a2d6fd18be",
            "meta_data": "",
            "name": "k8sma2-commoninit.iso",
            "network_config": "version: 2\nethernets:\n  ens3:\n    dhcp4: true\n",
            "pool": "default",
            "user_data": "Content-Type: multipart/mixed; boundary=\"MIMEBOUNDARY\"\nMIME-Version: 1.0\r\n\r\n--MIMEBOUNDARY\r\nContent-Disposition: attachment; filename=\"init.cfg\"\r\nContent-Transfer-Encoding: 7bit\r\nContent-Type: text/cloud-config\r\nMime-Version: 1.0\r\n\r\nhostname: k8sma2\nfqdn: k8sma2.k8s.xprd.local\nmanage_etc_hosts: true\nusers:\n  - name: xavier\n    sudo: ALL=(ALL) NOPASSWD:ALL\n    groups: users, admin\n    home: /home/xavier\n    shell: /bin/bash\n    lock_passwd: false\n    ssh-authorized-keys:\n      - ssh-rsa AAAAB3NzaC1yc2EAAAADAQABAAABgQDMR4HezAMTlMSt9Z/5g67MlJ4v3CkC9wtVKwwDpVil5Y6T8AltmGL3NvNueQUK0BtWgt/r//yCeFl2JhJYCXsXC85GMXQdruZcFWCe8iUiam+uryghwwTf7uazvDtAEjI1TJl5YAs2ZprUn7VfbbJyHK61JkJuIMcaXo2Eg1R3aphLjqriEK6/ho5JpSylVwpWS5gj1bw7nhzKAJvffgLGmKewZddQ+VOavTQu0q/PE7k7qtaZhw9VS6pLODaD7OKLzWKA+weka0tsWQnCvm9BE8uOysbBx3qfYy2j1bXYwldNlVL6fDv9LTxIjB2HE5YV9V/kR6g9Y6RoaxHFCIWFdee4ULYAQhTOavzB55AmaJ+64HOmGr8cJbLi1CYU2WuNhOpSG4+GGZPX3cKZ3v3RRI/1/hUfP8h+7j4wZnlwH24hJn3OhkTWZ2iNqAwwWT7Ric3XV7xsdicbP+eA5JA58PA7LxsKZoGd0iharl/GloFlG+YL9Pfl/X0+y/SL/s0= xavier@zubuntu\n\nssh_pwauth: true\ndisable_root: false\nchpasswd:\n  list: |\n    xavier:linux\n  expire: False\npackages:\n    - qemu-guest-agent\n    - python3\nbootcmd:\n    - [ sh, -c, 'echo $(date) | sudo tee -a /root/bootcmd.log' ]\nruncmd:\n    - [ sh, -c, 'echo $(date) | sudo tee -a /root/runcmd.log' ]\nfinal_message: \"The system is finall up, after $UPTIME seconds\"\npower_state:\n  delay: \"+30\"\n  mode: reboot\n  message: Bye Bye\n  timeout: 30\n  condition: True\n\r\n--MIMEBOUNDARY--\r\n"
          },
          "sensitive_attributes": [],
          "private": "bnVsbA==",
          "dependencies": [
            "module.vm.data.template_cloudinit_config.config",
            "module.vm.data.template_file.network_config",
            "module.vm.data.template_file.user_data"
          ]
        }
      ]
    },
    {
      "module": "module.vm[\"1\"]",
      "mode": "managed",
      "type": "libvirt_domain",
      "name": "domain-ubuntu",
      "provider": "provider[\"registry.terraform.io/dmacvicar/libvirt\"].alternate",
      "instances": [
        {
          "schema_version": 0,
          "attributes": {
            "arch": "x86_64",
            "autostart": false,
            "boot_device": [],
            "cloudinit": "/var/lib/libvirt/images/k8sma2-commoninit.iso;9410c4ee-af80-4480-90c6-01a2d6fd18be",
            "cmdline": [],
            "console": [
              {
                "source_host": "127.0.0.1",
                "source_path": "",
                "source_service": "0",
                "target_port": "0",
                "target_type": "serial",
                "type": "pty"
              }
            ],
            "coreos_ignition": null,
            "cpu": [
              {
                "mode": "custom"
              }
            ],
            "description": "",
            "disk": [
              {
                "block_device": "",
                "file": "",
                "scsi": false,
                "url": "",
                "volume_id": "/data/kvm/pool01/k8sma2-resized-os_image",
                "wwn": ""
              }
            ],
            "emulator": "/usr/bin/qemu-system-x86_64",
            "filesystem": [],
            "firmware": null,
            "fw_cfg_name": "opt/com.coreos/config",
            "graphics": [
              {
                "autoport": true,
                "listen_address": "127.0.0.1",
                "listen_type": "address",
                "type": "spice",
                "websocket": 0
              }
            ],
            "id": "13a427ec-0eef-40e1-b917-1c97acf434c3",
            "initrd": "",
            "kernel": "",
            "machine": "ubuntu",
            "memory": 8192,
            "metadata": null,
            "name": "k8sma2",
            "network_interface": [
              {
                "addresses": [
                  "192.168.122.210"
                ],
                "bridge": "",
                "hostname": "",
                "mac": "52:54:00:D2:E5:CB",
                "macvtap": "",
                "network_id": "1ac9b7cc-e343-42a7-82e0-45b2e6252f49",
                "network_name": "default",
                "passthrough": "",
                "vepa": "",
                "wait_for_lease": false
              }
            ],
            "nvram": [],
            "qemu_agent": false,
            "running": true,
            "timeouts": null,
            "tpm": [],
            "type": "kvm",
            "vcpu": 2,
            "video": [],
            "xml": []
          },
          "sensitive_attributes": [],
          "private": "eyJlMmJmYjczMC1lY2FhLTExZTYtOGY4OC0zNDM2M2JjN2M0YzAiOnsiY3JlYXRlIjozMDAwMDAwMDAwMDB9fQ==",
          "dependencies": [
            "module.vm.data.template_cloudinit_config.config",
            "module.vm.data.template_file.network_config",
            "module.vm.data.template_file.user_data",
            "module.vm.libvirt_cloudinit_disk.commoninit",
            "module.vm.libvirt_volume.os_image",
            "module.vm.libvirt_volume.resized_os_image"
          ]
        }
      ]
    },
    {
      "module": "module.vm[\"1\"]",
      "mode": "managed",
      "type": "libvirt_volume",
      "name": "os_image",
      "provider": "provider[\"registry.terraform.io/dmacvicar/libvirt\"].alternate",
      "instances": [
        {
          "schema_version": 0,
          "attributes": {
            "base_volume_id": null,
            "base_volume_name": null,
            "base_volume_pool": null,
            "format": "qcow2",
            "id": "/data/kvm/pool01/k8sma2-os_image",
            "name": "k8sma2-os_image",
            "pool": "kvmpool01",
            "size": 2361393152,
            "source": "/home/xavier/Downloads/jammy-server-cloudimg-amd64.img",
            "xml": []
          },
          "sensitive_attributes": [],
          "private": "bnVsbA=="
        }
      ]
    },
    {
      "module": "module.vm[\"1\"]",
      "mode": "managed",
      "type": "libvirt_volume",
      "name": "resized_os_image",
      "provider": "provider[\"registry.terraform.io/dmacvicar/libvirt\"].alternate",
      "instances": [
        {
          "schema_version": 0,
          "attributes": {
            "base_volume_id": "/data/kvm/pool01/k8sma2-os_image",
            "base_volume_name": null,
            "base_volume_pool": null,
            "format": "qcow2",
            "id": "/data/kvm/pool01/k8sma2-resized-os_image",
            "name": "k8sma2-resized-os_image",
            "pool": "kvmpool01",
            "size": 21474836480,
            "source": null,
            "xml": []
          },
          "sensitive_attributes": [],
          "private": "bnVsbA==",
          "dependencies": [
            "module.vm.libvirt_volume.os_image"
          ]
        }
      ]
    },
    {
      "module": "module.vm[\"2\"]",
      "mode": "data",
      "type": "template_cloudinit_config",
      "name": "config",
      "provider": "provider[\"registry.terraform.io/hashicorp/template\"]",
      "instances": [
        {
          "schema_version": 0,
          "attributes": {
            "base64_encode": false,
            "gzip": false,
            "id": "3968263537",
            "part": [
              {
                "content": "hostname: k8sma3\nfqdn: k8sma3.k8s.xprd.local\nmanage_etc_hosts: true\nusers:\n  - name: xavier\n    sudo: ALL=(ALL) NOPASSWD:ALL\n    groups: users, admin\n    home: /home/xavier\n    shell: /bin/bash\n    lock_passwd: false\n    ssh-authorized-keys:\n      - ssh-rsa AAAAB3NzaC1yc2EAAAADAQABAAABgQDMR4HezAMTlMSt9Z/5g67MlJ4v3CkC9wtVKwwDpVil5Y6T8AltmGL3NvNueQUK0BtWgt/r//yCeFl2JhJYCXsXC85GMXQdruZcFWCe8iUiam+uryghwwTf7uazvDtAEjI1TJl5YAs2ZprUn7VfbbJyHK61JkJuIMcaXo2Eg1R3aphLjqriEK6/ho5JpSylVwpWS5gj1bw7nhzKAJvffgLGmKewZddQ+VOavTQu0q/PE7k7qtaZhw9VS6pLODaD7OKLzWKA+weka0tsWQnCvm9BE8uOysbBx3qfYy2j1bXYwldNlVL6fDv9LTxIjB2HE5YV9V/kR6g9Y6RoaxHFCIWFdee4ULYAQhTOavzB55AmaJ+64HOmGr8cJbLi1CYU2WuNhOpSG4+GGZPX3cKZ3v3RRI/1/hUfP8h+7j4wZnlwH24hJn3OhkTWZ2iNqAwwWT7Ric3XV7xsdicbP+eA5JA58PA7LxsKZoGd0iharl/GloFlG+YL9Pfl/X0+y/SL/s0= xavier@zubuntu\n\nssh_pwauth: true\ndisable_root: false\nchpasswd:\n  list: |\n    xavier:linux\n  expire: False\npackages:\n    - qemu-guest-agent\n    - python3\nbootcmd:\n    - [ sh, -c, 'echo $(date) | sudo tee -a /root/bootcmd.log' ]\nruncmd:\n    - [ sh, -c, 'echo $(date) | sudo tee -a /root/runcmd.log' ]\nfinal_message: \"The system is finall up, after $UPTIME seconds\"\npower_state:\n  delay: \"+30\"\n  mode: reboot\n  message: Bye Bye\n  timeout: 30\n  condition: True\n",
                "content_type": "text/cloud-config",
                "filename": "init.cfg",
                "merge_type": ""
              }
            ],
            "rendered": "Content-Type: multipart/mixed; boundary=\"MIMEBOUNDARY\"\nMIME-Version: 1.0\r\n\r\n--MIMEBOUNDARY\r\nContent-Disposition: attachment; filename=\"init.cfg\"\r\nContent-Transfer-Encoding: 7bit\r\nContent-Type: text/cloud-config\r\nMime-Version: 1.0\r\n\r\nhostname: k8sma3\nfqdn: k8sma3.k8s.xprd.local\nmanage_etc_hosts: true\nusers:\n  - name: xavier\n    sudo: ALL=(ALL) NOPASSWD:ALL\n    groups: users, admin\n    home: /home/xavier\n    shell: /bin/bash\n    lock_passwd: false\n    ssh-authorized-keys:\n      - ssh-rsa AAAAB3NzaC1yc2EAAAADAQABAAABgQDMR4HezAMTlMSt9Z/5g67MlJ4v3CkC9wtVKwwDpVil5Y6T8AltmGL3NvNueQUK0BtWgt/r//yCeFl2JhJYCXsXC85GMXQdruZcFWCe8iUiam+uryghwwTf7uazvDtAEjI1TJl5YAs2ZprUn7VfbbJyHK61JkJuIMcaXo2Eg1R3aphLjqriEK6/ho5JpSylVwpWS5gj1bw7nhzKAJvffgLGmKewZddQ+VOavTQu0q/PE7k7qtaZhw9VS6pLODaD7OKLzWKA+weka0tsWQnCvm9BE8uOysbBx3qfYy2j1bXYwldNlVL6fDv9LTxIjB2HE5YV9V/kR6g9Y6RoaxHFCIWFdee4ULYAQhTOavzB55AmaJ+64HOmGr8cJbLi1CYU2WuNhOpSG4+GGZPX3cKZ3v3RRI/1/hUfP8h+7j4wZnlwH24hJn3OhkTWZ2iNqAwwWT7Ric3XV7xsdicbP+eA5JA58PA7LxsKZoGd0iharl/GloFlG+YL9Pfl/X0+y/SL/s0= xavier@zubuntu\n\nssh_pwauth: true\ndisable_root: false\nchpasswd:\n  list: |\n    xavier:linux\n  expire: False\npackages:\n    - qemu-guest-agent\n    - python3\nbootcmd:\n    - [ sh, -c, 'echo $(date) | sudo tee -a /root/bootcmd.log' ]\nruncmd:\n    - [ sh, -c, 'echo $(date) | sudo tee -a /root/runcmd.log' ]\nfinal_message: \"The system is finall up, after $UPTIME seconds\"\npower_state:\n  delay: \"+30\"\n  mode: reboot\n  message: Bye Bye\n  timeout: 30\n  condition: True\n\r\n--MIMEBOUNDARY--\r\n"
          },
          "sensitive_attributes": []
        }
      ]
    },
    {
      "module": "module.vm[\"2\"]",
      "mode": "data",
      "type": "template_file",
      "name": "network_config",
      "provider": "provider[\"registry.terraform.io/hashicorp/template\"]",
      "instances": [
        {
          "schema_version": 0,
          "attributes": {
            "filename": null,
            "id": "b36a1372ce4ea68b514354202c26c0365df9a17f25cd5acdeeaea525cd913edc",
            "rendered": "version: 2\nethernets:\n  ens3:\n    dhcp4: true\n",
            "template": "version: 2\nethernets:\n  ens3:\n    dhcp4: true\n",
            "vars": null
          },
          "sensitive_attributes": []
        }
      ]
    },
    {
      "module": "module.vm[\"2\"]",
      "mode": "data",
      "type": "template_file",
      "name": "user_data",
      "provider": "provider[\"registry.terraform.io/hashicorp/template\"]",
      "instances": [
        {
          "schema_version": 0,
          "attributes": {
            "filename": null,
            "id": "cb4adc4d1f09801815af743124baded041b6b71145a17ef3c31d087011893a8a",
            "rendered": "hostname: k8sma3\nfqdn: k8sma3.k8s.xprd.local\nmanage_etc_hosts: true\nusers:\n  - name: xavier\n    sudo: ALL=(ALL) NOPASSWD:ALL\n    groups: users, admin\n    home: /home/xavier\n    shell: /bin/bash\n    lock_passwd: false\n    ssh-authorized-keys:\n      - ssh-rsa AAAAB3NzaC1yc2EAAAADAQABAAABgQDMR4HezAMTlMSt9Z/5g67MlJ4v3CkC9wtVKwwDpVil5Y6T8AltmGL3NvNueQUK0BtWgt/r//yCeFl2JhJYCXsXC85GMXQdruZcFWCe8iUiam+uryghwwTf7uazvDtAEjI1TJl5YAs2ZprUn7VfbbJyHK61JkJuIMcaXo2Eg1R3aphLjqriEK6/ho5JpSylVwpWS5gj1bw7nhzKAJvffgLGmKewZddQ+VOavTQu0q/PE7k7qtaZhw9VS6pLODaD7OKLzWKA+weka0tsWQnCvm9BE8uOysbBx3qfYy2j1bXYwldNlVL6fDv9LTxIjB2HE5YV9V/kR6g9Y6RoaxHFCIWFdee4ULYAQhTOavzB55AmaJ+64HOmGr8cJbLi1CYU2WuNhOpSG4+GGZPX3cKZ3v3RRI/1/hUfP8h+7j4wZnlwH24hJn3OhkTWZ2iNqAwwWT7Ric3XV7xsdicbP+eA5JA58PA7LxsKZoGd0iharl/GloFlG+YL9Pfl/X0+y/SL/s0= xavier@zubuntu\n\nssh_pwauth: true\ndisable_root: false\nchpasswd:\n  list: |\n    xavier:linux\n  expire: False\npackages:\n    - qemu-guest-agent\n    - python3\nbootcmd:\n    - [ sh, -c, 'echo $(date) | sudo tee -a /root/bootcmd.log' ]\nruncmd:\n    - [ sh, -c, 'echo $(date) | sudo tee -a /root/runcmd.log' ]\nfinal_message: \"The system is finall up, after $UPTIME seconds\"\npower_state:\n  delay: \"+30\"\n  mode: reboot\n  message: Bye Bye\n  timeout: 30\n  condition: True\n",
            "template": "hostname: ${hostname}\nfqdn: ${fqdn}\nmanage_etc_hosts: true\nusers:\n  - name: ${ansible_user}\n    sudo: ALL=(ALL) NOPASSWD:ALL\n    groups: users, admin\n    home: /home/${ansible_user}\n    shell: /bin/bash\n    lock_passwd: false\n    ssh-authorized-keys:\n      - ${public_key}\nssh_pwauth: true\ndisable_root: false\nchpasswd:\n  list: |\n    ${ansible_user}:linux\n  expire: False\npackages:\n    - qemu-guest-agent\n    - python3\nbootcmd:\n    - [ sh, -c, 'echo $(date) | sudo tee -a /root/bootcmd.log' ]\nruncmd:\n    - [ sh, -c, 'echo $(date) | sudo tee -a /root/runcmd.log' ]\nfinal_message: \"The system is finall up, after $UPTIME seconds\"\npower_state:\n  delay: \"+30\"\n  mode: reboot\n  message: Bye Bye\n  timeout: 30\n  condition: True\n",
            "vars": {
              "ansible_user": "xavier",
              "fqdn": "k8sma3.k8s.xprd.local",
              "hostname": "k8sma3",
              "public_key": "ssh-rsa AAAAB3NzaC1yc2EAAAADAQABAAABgQDMR4HezAMTlMSt9Z/5g67MlJ4v3CkC9wtVKwwDpVil5Y6T8AltmGL3NvNueQUK0BtWgt/r//yCeFl2JhJYCXsXC85GMXQdruZcFWCe8iUiam+uryghwwTf7uazvDtAEjI1TJl5YAs2ZprUn7VfbbJyHK61JkJuIMcaXo2Eg1R3aphLjqriEK6/ho5JpSylVwpWS5gj1bw7nhzKAJvffgLGmKewZddQ+VOavTQu0q/PE7k7qtaZhw9VS6pLODaD7OKLzWKA+weka0tsWQnCvm9BE8uOysbBx3qfYy2j1bXYwldNlVL6fDv9LTxIjB2HE5YV9V/kR6g9Y6RoaxHFCIWFdee4ULYAQhTOavzB55AmaJ+64HOmGr8cJbLi1CYU2WuNhOpSG4+GGZPX3cKZ3v3RRI/1/hUfP8h+7j4wZnlwH24hJn3OhkTWZ2iNqAwwWT7Ric3XV7xsdicbP+eA5JA58PA7LxsKZoGd0iharl/GloFlG+YL9Pfl/X0+y/SL/s0= xavier@zubuntu\n"
            }
          },
          "sensitive_attributes": []
        }
      ]
    },
    {
      "module": "module.vm[\"2\"]",
      "mode": "managed",
      "type": "libvirt_cloudinit_disk",
      "name": "commoninit",
      "provider": "provider[\"registry.terraform.io/dmacvicar/libvirt\"].alternate",
      "instances": [
        {
          "schema_version": 0,
          "attributes": {
            "id": "/var/lib/libvirt/images/k8sma3-commoninit.iso;afcd3eec-e9aa-48f7-8c8d-f3c2c13ea6d0",
            "meta_data": "",
            "name": "k8sma3-commoninit.iso",
            "network_config": "version: 2\nethernets:\n  ens3:\n    dhcp4: true\n",
            "pool": "default",
            "user_data": "Content-Type: multipart/mixed; boundary=\"MIMEBOUNDARY\"\nMIME-Version: 1.0\r\n\r\n--MIMEBOUNDARY\r\nContent-Disposition: attachment; filename=\"init.cfg\"\r\nContent-Transfer-Encoding: 7bit\r\nContent-Type: text/cloud-config\r\nMime-Version: 1.0\r\n\r\nhostname: k8sma3\nfqdn: k8sma3.k8s.xprd.local\nmanage_etc_hosts: true\nusers:\n  - name: xavier\n    sudo: ALL=(ALL) NOPASSWD:ALL\n    groups: users, admin\n    home: /home/xavier\n    shell: /bin/bash\n    lock_passwd: false\n    ssh-authorized-keys:\n      - ssh-rsa AAAAB3NzaC1yc2EAAAADAQABAAABgQDMR4HezAMTlMSt9Z/5g67MlJ4v3CkC9wtVKwwDpVil5Y6T8AltmGL3NvNueQUK0BtWgt/r//yCeFl2JhJYCXsXC85GMXQdruZcFWCe8iUiam+uryghwwTf7uazvDtAEjI1TJl5YAs2ZprUn7VfbbJyHK61JkJuIMcaXo2Eg1R3aphLjqriEK6/ho5JpSylVwpWS5gj1bw7nhzKAJvffgLGmKewZddQ+VOavTQu0q/PE7k7qtaZhw9VS6pLODaD7OKLzWKA+weka0tsWQnCvm9BE8uOysbBx3qfYy2j1bXYwldNlVL6fDv9LTxIjB2HE5YV9V/kR6g9Y6RoaxHFCIWFdee4ULYAQhTOavzB55AmaJ+64HOmGr8cJbLi1CYU2WuNhOpSG4+GGZPX3cKZ3v3RRI/1/hUfP8h+7j4wZnlwH24hJn3OhkTWZ2iNqAwwWT7Ric3XV7xsdicbP+eA5JA58PA7LxsKZoGd0iharl/GloFlG+YL9Pfl/X0+y/SL/s0= xavier@zubuntu\n\nssh_pwauth: true\ndisable_root: false\nchpasswd:\n  list: |\n    xavier:linux\n  expire: False\npackages:\n    - qemu-guest-agent\n    - python3\nbootcmd:\n    - [ sh, -c, 'echo $(date) | sudo tee -a /root/bootcmd.log' ]\nruncmd:\n    - [ sh, -c, 'echo $(date) | sudo tee -a /root/runcmd.log' ]\nfinal_message: \"The system is finall up, after $UPTIME seconds\"\npower_state:\n  delay: \"+30\"\n  mode: reboot\n  message: Bye Bye\n  timeout: 30\n  condition: True\n\r\n--MIMEBOUNDARY--\r\n"
          },
          "sensitive_attributes": [],
          "private": "bnVsbA==",
          "dependencies": [
            "module.vm.data.template_cloudinit_config.config",
            "module.vm.data.template_file.network_config",
            "module.vm.data.template_file.user_data"
          ]
        }
      ]
    },
    {
      "module": "module.vm[\"2\"]",
      "mode": "managed",
      "type": "libvirt_domain",
      "name": "domain-ubuntu",
      "provider": "provider[\"registry.terraform.io/dmacvicar/libvirt\"].alternate",
      "instances": [
        {
          "schema_version": 0,
          "attributes": {
            "arch": "x86_64",
            "autostart": false,
            "boot_device": [],
            "cloudinit": "/var/lib/libvirt/images/k8sma3-commoninit.iso;afcd3eec-e9aa-48f7-8c8d-f3c2c13ea6d0",
            "cmdline": [],
            "console": [
              {
                "source_host": "127.0.0.1",
                "source_path": "",
                "source_service": "0",
                "target_port": "0",
                "target_type": "serial",
                "type": "pty"
              }
            ],
            "coreos_ignition": null,
            "cpu": [
              {
                "mode": "custom"
              }
            ],
            "description": "",
            "disk": [
              {
                "block_device": "",
                "file": "",
                "scsi": false,
                "url": "",
                "volume_id": "/data/kvm/pool01/k8sma3-resized-os_image",
                "wwn": ""
              }
            ],
            "emulator": "/usr/bin/qemu-system-x86_64",
            "filesystem": [],
            "firmware": null,
            "fw_cfg_name": "opt/com.coreos/config",
            "graphics": [
              {
                "autoport": true,
                "listen_address": "127.0.0.1",
                "listen_type": "address",
                "type": "spice",
                "websocket": 0
              }
            ],
            "id": "37736fa7-b04a-45a4-beb3-eb976ab620a3",
            "initrd": "",
            "kernel": "",
            "machine": "ubuntu",
            "memory": 8192,
            "metadata": null,
            "name": "k8sma3",
            "network_interface": [
              {
                "addresses": [
                  "192.168.122.168"
                ],
                "bridge": "",
                "hostname": "",
                "mac": "52:54:00:EE:84:8D",
                "macvtap": "",
                "network_id": "1ac9b7cc-e343-42a7-82e0-45b2e6252f49",
                "network_name": "default",
                "passthrough": "",
                "vepa": "",
                "wait_for_lease": false
              }
            ],
            "nvram": [],
            "qemu_agent": false,
            "running": true,
            "timeouts": null,
            "tpm": [],
            "type": "kvm",
            "vcpu": 2,
            "video": [],
            "xml": []
          },
          "sensitive_attributes": [],
          "private": "eyJlMmJmYjczMC1lY2FhLTExZTYtOGY4OC0zNDM2M2JjN2M0YzAiOnsiY3JlYXRlIjozMDAwMDAwMDAwMDB9fQ==",
          "dependencies": [
            "module.vm.data.template_cloudinit_config.config",
            "module.vm.data.template_file.network_config",
            "module.vm.data.template_file.user_data",
            "module.vm.libvirt_cloudinit_disk.commoninit",
            "module.vm.libvirt_volume.os_image",
            "module.vm.libvirt_volume.resized_os_image"
          ]
        }
      ]
    },
    {
      "module": "module.vm[\"2\"]",
      "mode": "managed",
      "type": "libvirt_volume",
      "name": "os_image",
      "provider": "provider[\"registry.terraform.io/dmacvicar/libvirt\"].alternate",
      "instances": [
        {
          "schema_version": 0,
          "attributes": {
            "base_volume_id": null,
            "base_volume_name": null,
            "base_volume_pool": null,
            "format": "qcow2",
            "id": "/data/kvm/pool01/k8sma3-os_image",
            "name": "k8sma3-os_image",
            "pool": "kvmpool01",
            "size": 2361393152,
            "source": "/home/xavier/Downloads/jammy-server-cloudimg-amd64.img",
            "xml": []
          },
          "sensitive_attributes": [],
          "private": "bnVsbA=="
        }
      ]
    },
    {
      "module": "module.vm[\"2\"]",
      "mode": "managed",
      "type": "libvirt_volume",
      "name": "resized_os_image",
      "provider": "provider[\"registry.terraform.io/dmacvicar/libvirt\"].alternate",
      "instances": [
        {
          "schema_version": 0,
          "attributes": {
            "base_volume_id": "/data/kvm/pool01/k8sma3-os_image",
            "base_volume_name": null,
            "base_volume_pool": null,
            "format": "qcow2",
            "id": "/data/kvm/pool01/k8sma3-resized-os_image",
            "name": "k8sma3-resized-os_image",
            "pool": "kvmpool01",
            "size": 21474836480,
            "source": null,
            "xml": []
          },
          "sensitive_attributes": [],
          "private": "bnVsbA==",
          "dependencies": [
            "module.vm.libvirt_volume.os_image"
          ]
        }
      ]
    },
    {
      "module": "module.vm[\"3\"]",
      "mode": "data",
      "type": "template_cloudinit_config",
      "name": "config",
      "provider": "provider[\"registry.terraform.io/hashicorp/template\"]",
      "instances": [
        {
          "schema_version": 0,
          "attributes": {
            "base64_encode": false,
            "gzip": false,
            "id": "3996503321",
            "part": [
              {
                "content": "hostname: k8swk1\nfqdn: k8swk1.k8s.xprd.local\nmanage_etc_hosts: true\nusers:\n  - name: xavier\n    sudo: ALL=(ALL) NOPASSWD:ALL\n    groups: users, admin\n    home: /home/xavier\n    shell: /bin/bash\n    lock_passwd: false\n    ssh-authorized-keys:\n      - ssh-rsa AAAAB3NzaC1yc2EAAAADAQABAAABgQDMR4HezAMTlMSt9Z/5g67MlJ4v3CkC9wtVKwwDpVil5Y6T8AltmGL3NvNueQUK0BtWgt/r//yCeFl2JhJYCXsXC85GMXQdruZcFWCe8iUiam+uryghwwTf7uazvDtAEjI1TJl5YAs2ZprUn7VfbbJyHK61JkJuIMcaXo2Eg1R3aphLjqriEK6/ho5JpSylVwpWS5gj1bw7nhzKAJvffgLGmKewZddQ+VOavTQu0q/PE7k7qtaZhw9VS6pLODaD7OKLzWKA+weka0tsWQnCvm9BE8uOysbBx3qfYy2j1bXYwldNlVL6fDv9LTxIjB2HE5YV9V/kR6g9Y6RoaxHFCIWFdee4ULYAQhTOavzB55AmaJ+64HOmGr8cJbLi1CYU2WuNhOpSG4+GGZPX3cKZ3v3RRI/1/hUfP8h+7j4wZnlwH24hJn3OhkTWZ2iNqAwwWT7Ric3XV7xsdicbP+eA5JA58PA7LxsKZoGd0iharl/GloFlG+YL9Pfl/X0+y/SL/s0= xavier@zubuntu\n\nssh_pwauth: true\ndisable_root: false\nchpasswd:\n  list: |\n    xavier:linux\n  expire: False\npackages:\n    - qemu-guest-agent\n    - python3\nbootcmd:\n    - [ sh, -c, 'echo $(date) | sudo tee -a /root/bootcmd.log' ]\nruncmd:\n    - [ sh, -c, 'echo $(date) | sudo tee -a /root/runcmd.log' ]\nfinal_message: \"The system is finall up, after $UPTIME seconds\"\npower_state:\n  delay: \"+30\"\n  mode: reboot\n  message: Bye Bye\n  timeout: 30\n  condition: True\n",
                "content_type": "text/cloud-config",
                "filename": "init.cfg",
                "merge_type": ""
              }
            ],
            "rendered": "Content-Type: multipart/mixed; boundary=\"MIMEBOUNDARY\"\nMIME-Version: 1.0\r\n\r\n--MIMEBOUNDARY\r\nContent-Disposition: attachment; filename=\"init.cfg\"\r\nContent-Transfer-Encoding: 7bit\r\nContent-Type: text/cloud-config\r\nMime-Version: 1.0\r\n\r\nhostname: k8swk1\nfqdn: k8swk1.k8s.xprd.local\nmanage_etc_hosts: true\nusers:\n  - name: xavier\n    sudo: ALL=(ALL) NOPASSWD:ALL\n    groups: users, admin\n    home: /home/xavier\n    shell: /bin/bash\n    lock_passwd: false\n    ssh-authorized-keys:\n      - ssh-rsa AAAAB3NzaC1yc2EAAAADAQABAAABgQDMR4HezAMTlMSt9Z/5g67MlJ4v3CkC9wtVKwwDpVil5Y6T8AltmGL3NvNueQUK0BtWgt/r//yCeFl2JhJYCXsXC85GMXQdruZcFWCe8iUiam+uryghwwTf7uazvDtAEjI1TJl5YAs2ZprUn7VfbbJyHK61JkJuIMcaXo2Eg1R3aphLjqriEK6/ho5JpSylVwpWS5gj1bw7nhzKAJvffgLGmKewZddQ+VOavTQu0q/PE7k7qtaZhw9VS6pLODaD7OKLzWKA+weka0tsWQnCvm9BE8uOysbBx3qfYy2j1bXYwldNlVL6fDv9LTxIjB2HE5YV9V/kR6g9Y6RoaxHFCIWFdee4ULYAQhTOavzB55AmaJ+64HOmGr8cJbLi1CYU2WuNhOpSG4+GGZPX3cKZ3v3RRI/1/hUfP8h+7j4wZnlwH24hJn3OhkTWZ2iNqAwwWT7Ric3XV7xsdicbP+eA5JA58PA7LxsKZoGd0iharl/GloFlG+YL9Pfl/X0+y/SL/s0= xavier@zubuntu\n\nssh_pwauth: true\ndisable_root: false\nchpasswd:\n  list: |\n    xavier:linux\n  expire: False\npackages:\n    - qemu-guest-agent\n    - python3\nbootcmd:\n    - [ sh, -c, 'echo $(date) | sudo tee -a /root/bootcmd.log' ]\nruncmd:\n    - [ sh, -c, 'echo $(date) | sudo tee -a /root/runcmd.log' ]\nfinal_message: \"The system is finall up, after $UPTIME seconds\"\npower_state:\n  delay: \"+30\"\n  mode: reboot\n  message: Bye Bye\n  timeout: 30\n  condition: True\n\r\n--MIMEBOUNDARY--\r\n"
          },
          "sensitive_attributes": []
        }
      ]
    },
    {
      "module": "module.vm[\"3\"]",
      "mode": "data",
      "type": "template_file",
      "name": "network_config",
      "provider": "provider[\"registry.terraform.io/hashicorp/template\"]",
      "instances": [
        {
          "schema_version": 0,
          "attributes": {
            "filename": null,
            "id": "b36a1372ce4ea68b514354202c26c0365df9a17f25cd5acdeeaea525cd913edc",
            "rendered": "version: 2\nethernets:\n  ens3:\n    dhcp4: true\n",
            "template": "version: 2\nethernets:\n  ens3:\n    dhcp4: true\n",
            "vars": null
          },
          "sensitive_attributes": []
        }
      ]
    },
    {
      "module": "module.vm[\"3\"]",
      "mode": "data",
      "type": "template_file",
      "name": "user_data",
      "provider": "provider[\"registry.terraform.io/hashicorp/template\"]",
      "instances": [
        {
          "schema_version": 0,
          "attributes": {
            "filename": null,
            "id": "79b3b07e520d5b136fc56e2bf4d3a83fd02c32ba6b1138f4d14ed685a80fa32a",
            "rendered": "hostname: k8swk1\nfqdn: k8swk1.k8s.xprd.local\nmanage_etc_hosts: true\nusers:\n  - name: xavier\n    sudo: ALL=(ALL) NOPASSWD:ALL\n    groups: users, admin\n    home: /home/xavier\n    shell: /bin/bash\n    lock_passwd: false\n    ssh-authorized-keys:\n      - ssh-rsa AAAAB3NzaC1yc2EAAAADAQABAAABgQDMR4HezAMTlMSt9Z/5g67MlJ4v3CkC9wtVKwwDpVil5Y6T8AltmGL3NvNueQUK0BtWgt/r//yCeFl2JhJYCXsXC85GMXQdruZcFWCe8iUiam+uryghwwTf7uazvDtAEjI1TJl5YAs2ZprUn7VfbbJyHK61JkJuIMcaXo2Eg1R3aphLjqriEK6/ho5JpSylVwpWS5gj1bw7nhzKAJvffgLGmKewZddQ+VOavTQu0q/PE7k7qtaZhw9VS6pLODaD7OKLzWKA+weka0tsWQnCvm9BE8uOysbBx3qfYy2j1bXYwldNlVL6fDv9LTxIjB2HE5YV9V/kR6g9Y6RoaxHFCIWFdee4ULYAQhTOavzB55AmaJ+64HOmGr8cJbLi1CYU2WuNhOpSG4+GGZPX3cKZ3v3RRI/1/hUfP8h+7j4wZnlwH24hJn3OhkTWZ2iNqAwwWT7Ric3XV7xsdicbP+eA5JA58PA7LxsKZoGd0iharl/GloFlG+YL9Pfl/X0+y/SL/s0= xavier@zubuntu\n\nssh_pwauth: true\ndisable_root: false\nchpasswd:\n  list: |\n    xavier:linux\n  expire: False\npackages:\n    - qemu-guest-agent\n    - python3\nbootcmd:\n    - [ sh, -c, 'echo $(date) | sudo tee -a /root/bootcmd.log' ]\nruncmd:\n    - [ sh, -c, 'echo $(date) | sudo tee -a /root/runcmd.log' ]\nfinal_message: \"The system is finall up, after $UPTIME seconds\"\npower_state:\n  delay: \"+30\"\n  mode: reboot\n  message: Bye Bye\n  timeout: 30\n  condition: True\n",
            "template": "hostname: ${hostname}\nfqdn: ${fqdn}\nmanage_etc_hosts: true\nusers:\n  - name: ${ansible_user}\n    sudo: ALL=(ALL) NOPASSWD:ALL\n    groups: users, admin\n    home: /home/${ansible_user}\n    shell: /bin/bash\n    lock_passwd: false\n    ssh-authorized-keys:\n      - ${public_key}\nssh_pwauth: true\ndisable_root: false\nchpasswd:\n  list: |\n    ${ansible_user}:linux\n  expire: False\npackages:\n    - qemu-guest-agent\n    - python3\nbootcmd:\n    - [ sh, -c, 'echo $(date) | sudo tee -a /root/bootcmd.log' ]\nruncmd:\n    - [ sh, -c, 'echo $(date) | sudo tee -a /root/runcmd.log' ]\nfinal_message: \"The system is finall up, after $UPTIME seconds\"\npower_state:\n  delay: \"+30\"\n  mode: reboot\n  message: Bye Bye\n  timeout: 30\n  condition: True\n",
            "vars": {
              "ansible_user": "xavier",
              "fqdn": "k8swk1.k8s.xprd.local",
              "hostname": "k8swk1",
              "public_key": "ssh-rsa AAAAB3NzaC1yc2EAAAADAQABAAABgQDMR4HezAMTlMSt9Z/5g67MlJ4v3CkC9wtVKwwDpVil5Y6T8AltmGL3NvNueQUK0BtWgt/r//yCeFl2JhJYCXsXC85GMXQdruZcFWCe8iUiam+uryghwwTf7uazvDtAEjI1TJl5YAs2ZprUn7VfbbJyHK61JkJuIMcaXo2Eg1R3aphLjqriEK6/ho5JpSylVwpWS5gj1bw7nhzKAJvffgLGmKewZddQ+VOavTQu0q/PE7k7qtaZhw9VS6pLODaD7OKLzWKA+weka0tsWQnCvm9BE8uOysbBx3qfYy2j1bXYwldNlVL6fDv9LTxIjB2HE5YV9V/kR6g9Y6RoaxHFCIWFdee4ULYAQhTOavzB55AmaJ+64HOmGr8cJbLi1CYU2WuNhOpSG4+GGZPX3cKZ3v3RRI/1/hUfP8h+7j4wZnlwH24hJn3OhkTWZ2iNqAwwWT7Ric3XV7xsdicbP+eA5JA58PA7LxsKZoGd0iharl/GloFlG+YL9Pfl/X0+y/SL/s0= xavier@zubuntu\n"
            }
          },
          "sensitive_attributes": []
        }
      ]
    },
    {
      "module": "module.vm[\"3\"]",
      "mode": "managed",
      "type": "libvirt_cloudinit_disk",
      "name": "commoninit",
      "provider": "provider[\"registry.terraform.io/dmacvicar/libvirt\"].alternate",
      "instances": [
        {
          "schema_version": 0,
          "attributes": {
            "id": "/var/lib/libvirt/images/k8swk1-commoninit.iso;7aea6d93-218c-43c8-bb0a-0e21ae137797",
            "meta_data": "",
            "name": "k8swk1-commoninit.iso",
            "network_config": "version: 2\nethernets:\n  ens3:\n    dhcp4: true\n",
            "pool": "default",
            "user_data": "Content-Type: multipart/mixed; boundary=\"MIMEBOUNDARY\"\nMIME-Version: 1.0\r\n\r\n--MIMEBOUNDARY\r\nContent-Disposition: attachment; filename=\"init.cfg\"\r\nContent-Transfer-Encoding: 7bit\r\nContent-Type: text/cloud-config\r\nMime-Version: 1.0\r\n\r\nhostname: k8swk1\nfqdn: k8swk1.k8s.xprd.local\nmanage_etc_hosts: true\nusers:\n  - name: xavier\n    sudo: ALL=(ALL) NOPASSWD:ALL\n    groups: users, admin\n    home: /home/xavier\n    shell: /bin/bash\n    lock_passwd: false\n    ssh-authorized-keys:\n      - ssh-rsa AAAAB3NzaC1yc2EAAAADAQABAAABgQDMR4HezAMTlMSt9Z/5g67MlJ4v3CkC9wtVKwwDpVil5Y6T8AltmGL3NvNueQUK0BtWgt/r//yCeFl2JhJYCXsXC85GMXQdruZcFWCe8iUiam+uryghwwTf7uazvDtAEjI1TJl5YAs2ZprUn7VfbbJyHK61JkJuIMcaXo2Eg1R3aphLjqriEK6/ho5JpSylVwpWS5gj1bw7nhzKAJvffgLGmKewZddQ+VOavTQu0q/PE7k7qtaZhw9VS6pLODaD7OKLzWKA+weka0tsWQnCvm9BE8uOysbBx3qfYy2j1bXYwldNlVL6fDv9LTxIjB2HE5YV9V/kR6g9Y6RoaxHFCIWFdee4ULYAQhTOavzB55AmaJ+64HOmGr8cJbLi1CYU2WuNhOpSG4+GGZPX3cKZ3v3RRI/1/hUfP8h+7j4wZnlwH24hJn3OhkTWZ2iNqAwwWT7Ric3XV7xsdicbP+eA5JA58PA7LxsKZoGd0iharl/GloFlG+YL9Pfl/X0+y/SL/s0= xavier@zubuntu\n\nssh_pwauth: true\ndisable_root: false\nchpasswd:\n  list: |\n    xavier:linux\n  expire: False\npackages:\n    - qemu-guest-agent\n    - python3\nbootcmd:\n    - [ sh, -c, 'echo $(date) | sudo tee -a /root/bootcmd.log' ]\nruncmd:\n    - [ sh, -c, 'echo $(date) | sudo tee -a /root/runcmd.log' ]\nfinal_message: \"The system is finall up, after $UPTIME seconds\"\npower_state:\n  delay: \"+30\"\n  mode: reboot\n  message: Bye Bye\n  timeout: 30\n  condition: True\n\r\n--MIMEBOUNDARY--\r\n"
          },
          "sensitive_attributes": [],
          "private": "bnVsbA==",
          "dependencies": [
            "module.vm.data.template_cloudinit_config.config",
            "module.vm.data.template_file.network_config",
            "module.vm.data.template_file.user_data"
          ]
        }
      ]
    },
    {
      "module": "module.vm[\"3\"]",
      "mode": "managed",
      "type": "libvirt_domain",
      "name": "domain-ubuntu",
      "provider": "provider[\"registry.terraform.io/dmacvicar/libvirt\"].alternate",
      "instances": [
        {
          "schema_version": 0,
          "attributes": {
            "arch": "x86_64",
            "autostart": false,
            "boot_device": [],
            "cloudinit": "/var/lib/libvirt/images/k8swk1-commoninit.iso;7aea6d93-218c-43c8-bb0a-0e21ae137797",
            "cmdline": [],
            "console": [
              {
                "source_host": "127.0.0.1",
                "source_path": "",
                "source_service": "0",
                "target_port": "0",
                "target_type": "serial",
                "type": "pty"
              }
            ],
            "coreos_ignition": null,
            "cpu": [
              {
                "mode": "custom"
              }
            ],
            "description": "",
            "disk": [
              {
                "block_device": "",
                "file": "",
                "scsi": false,
                "url": "",
                "volume_id": "/data/kvm/pool01/k8swk1-resized-os_image",
                "wwn": ""
              }
            ],
            "emulator": "/usr/bin/qemu-system-x86_64",
            "filesystem": [],
            "firmware": null,
            "fw_cfg_name": "opt/com.coreos/config",
            "graphics": [
              {
                "autoport": true,
                "listen_address": "127.0.0.1",
                "listen_type": "address",
                "type": "spice",
                "websocket": 0
              }
            ],
            "id": "9cc9f511-74aa-43aa-be9f-3281b7d0d7f4",
            "initrd": "",
            "kernel": "",
            "machine": "ubuntu",
            "memory": 4096,
            "metadata": null,
            "name": "k8swk1",
            "network_interface": [
              {
                "addresses": [
                  "192.168.122.244"
                ],
                "bridge": "",
                "hostname": "",
                "mac": "52:54:00:F2:E1:50",
                "macvtap": "",
                "network_id": "1ac9b7cc-e343-42a7-82e0-45b2e6252f49",
                "network_name": "default",
                "passthrough": "",
                "vepa": "",
                "wait_for_lease": false
              }
            ],
            "nvram": [],
            "qemu_agent": false,
            "running": true,
            "timeouts": null,
            "tpm": [],
            "type": "kvm",
            "vcpu": 2,
            "video": [],
            "xml": []
          },
          "sensitive_attributes": [],
          "private": "eyJlMmJmYjczMC1lY2FhLTExZTYtOGY4OC0zNDM2M2JjN2M0YzAiOnsiY3JlYXRlIjozMDAwMDAwMDAwMDB9fQ==",
          "dependencies": [
            "module.vm.data.template_cloudinit_config.config",
            "module.vm.data.template_file.network_config",
            "module.vm.data.template_file.user_data",
            "module.vm.libvirt_cloudinit_disk.commoninit",
            "module.vm.libvirt_volume.os_image",
            "module.vm.libvirt_volume.resized_os_image"
          ]
        }
      ]
    },
    {
      "module": "module.vm[\"3\"]",
      "mode": "managed",
      "type": "libvirt_volume",
      "name": "os_image",
      "provider": "provider[\"registry.terraform.io/dmacvicar/libvirt\"].alternate",
      "instances": [
        {
          "schema_version": 0,
          "attributes": {
            "base_volume_id": null,
            "base_volume_name": null,
            "base_volume_pool": null,
            "format": "qcow2",
            "id": "/data/kvm/pool01/k8swk1-os_image",
            "name": "k8swk1-os_image",
            "pool": "kvmpool01",
            "size": 2361393152,
            "source": "/home/xavier/Downloads/jammy-server-cloudimg-amd64.img",
            "xml": []
          },
          "sensitive_attributes": [],
          "private": "bnVsbA=="
        }
      ]
    },
    {
      "module": "module.vm[\"3\"]",
      "mode": "managed",
      "type": "libvirt_volume",
      "name": "resized_os_image",
      "provider": "provider[\"registry.terraform.io/dmacvicar/libvirt\"].alternate",
      "instances": [
        {
          "schema_version": 0,
          "attributes": {
            "base_volume_id": "/data/kvm/pool01/k8swk1-os_image",
            "base_volume_name": null,
            "base_volume_pool": null,
            "format": "qcow2",
            "id": "/data/kvm/pool01/k8swk1-resized-os_image",
            "name": "k8swk1-resized-os_image",
            "pool": "kvmpool01",
            "size": 32212254720,
            "source": null,
            "xml": []
          },
          "sensitive_attributes": [],
          "private": "bnVsbA==",
          "dependencies": [
            "module.vm.libvirt_volume.os_image"
          ]
        }
      ]
    },
    {
      "module": "module.vm[\"4\"]",
      "mode": "data",
      "type": "template_cloudinit_config",
      "name": "config",
      "provider": "provider[\"registry.terraform.io/hashicorp/template\"]",
      "instances": [
        {
          "schema_version": 0,
          "attributes": {
            "base64_encode": false,
            "gzip": false,
            "id": "2015311542",
            "part": [
              {
                "content": "hostname: k8swk2\nfqdn: k8swk2.k8s.xprd.local\nmanage_etc_hosts: true\nusers:\n  - name: xavier\n    sudo: ALL=(ALL) NOPASSWD:ALL\n    groups: users, admin\n    home: /home/xavier\n    shell: /bin/bash\n    lock_passwd: false\n    ssh-authorized-keys:\n      - ssh-rsa AAAAB3NzaC1yc2EAAAADAQABAAABgQDMR4HezAMTlMSt9Z/5g67MlJ4v3CkC9wtVKwwDpVil5Y6T8AltmGL3NvNueQUK0BtWgt/r//yCeFl2JhJYCXsXC85GMXQdruZcFWCe8iUiam+uryghwwTf7uazvDtAEjI1TJl5YAs2ZprUn7VfbbJyHK61JkJuIMcaXo2Eg1R3aphLjqriEK6/ho5JpSylVwpWS5gj1bw7nhzKAJvffgLGmKewZddQ+VOavTQu0q/PE7k7qtaZhw9VS6pLODaD7OKLzWKA+weka0tsWQnCvm9BE8uOysbBx3qfYy2j1bXYwldNlVL6fDv9LTxIjB2HE5YV9V/kR6g9Y6RoaxHFCIWFdee4ULYAQhTOavzB55AmaJ+64HOmGr8cJbLi1CYU2WuNhOpSG4+GGZPX3cKZ3v3RRI/1/hUfP8h+7j4wZnlwH24hJn3OhkTWZ2iNqAwwWT7Ric3XV7xsdicbP+eA5JA58PA7LxsKZoGd0iharl/GloFlG+YL9Pfl/X0+y/SL/s0= xavier@zubuntu\n\nssh_pwauth: true\ndisable_root: false\nchpasswd:\n  list: |\n    xavier:linux\n  expire: False\npackages:\n    - qemu-guest-agent\n    - python3\nbootcmd:\n    - [ sh, -c, 'echo $(date) | sudo tee -a /root/bootcmd.log' ]\nruncmd:\n    - [ sh, -c, 'echo $(date) | sudo tee -a /root/runcmd.log' ]\nfinal_message: \"The system is finall up, after $UPTIME seconds\"\npower_state:\n  delay: \"+30\"\n  mode: reboot\n  message: Bye Bye\n  timeout: 30\n  condition: True\n",
                "content_type": "text/cloud-config",
                "filename": "init.cfg",
                "merge_type": ""
              }
            ],
            "rendered": "Content-Type: multipart/mixed; boundary=\"MIMEBOUNDARY\"\nMIME-Version: 1.0\r\n\r\n--MIMEBOUNDARY\r\nContent-Disposition: attachment; filename=\"init.cfg\"\r\nContent-Transfer-Encoding: 7bit\r\nContent-Type: text/cloud-config\r\nMime-Version: 1.0\r\n\r\nhostname: k8swk2\nfqdn: k8swk2.k8s.xprd.local\nmanage_etc_hosts: true\nusers:\n  - name: xavier\n    sudo: ALL=(ALL) NOPASSWD:ALL\n    groups: users, admin\n    home: /home/xavier\n    shell: /bin/bash\n    lock_passwd: false\n    ssh-authorized-keys:\n      - ssh-rsa AAAAB3NzaC1yc2EAAAADAQABAAABgQDMR4HezAMTlMSt9Z/5g67MlJ4v3CkC9wtVKwwDpVil5Y6T8AltmGL3NvNueQUK0BtWgt/r//yCeFl2JhJYCXsXC85GMXQdruZcFWCe8iUiam+uryghwwTf7uazvDtAEjI1TJl5YAs2ZprUn7VfbbJyHK61JkJuIMcaXo2Eg1R3aphLjqriEK6/ho5JpSylVwpWS5gj1bw7nhzKAJvffgLGmKewZddQ+VOavTQu0q/PE7k7qtaZhw9VS6pLODaD7OKLzWKA+weka0tsWQnCvm9BE8uOysbBx3qfYy2j1bXYwldNlVL6fDv9LTxIjB2HE5YV9V/kR6g9Y6RoaxHFCIWFdee4ULYAQhTOavzB55AmaJ+64HOmGr8cJbLi1CYU2WuNhOpSG4+GGZPX3cKZ3v3RRI/1/hUfP8h+7j4wZnlwH24hJn3OhkTWZ2iNqAwwWT7Ric3XV7xsdicbP+eA5JA58PA7LxsKZoGd0iharl/GloFlG+YL9Pfl/X0+y/SL/s0= xavier@zubuntu\n\nssh_pwauth: true\ndisable_root: false\nchpasswd:\n  list: |\n    xavier:linux\n  expire: False\npackages:\n    - qemu-guest-agent\n    - python3\nbootcmd:\n    - [ sh, -c, 'echo $(date) | sudo tee -a /root/bootcmd.log' ]\nruncmd:\n    - [ sh, -c, 'echo $(date) | sudo tee -a /root/runcmd.log' ]\nfinal_message: \"The system is finall up, after $UPTIME seconds\"\npower_state:\n  delay: \"+30\"\n  mode: reboot\n  message: Bye Bye\n  timeout: 30\n  condition: True\n\r\n--MIMEBOUNDARY--\r\n"
          },
          "sensitive_attributes": []
        }
      ]
    },
    {
      "module": "module.vm[\"4\"]",
      "mode": "data",
      "type": "template_file",
      "name": "network_config",
      "provider": "provider[\"registry.terraform.io/hashicorp/template\"]",
      "instances": [
        {
          "schema_version": 0,
          "attributes": {
            "filename": null,
            "id": "b36a1372ce4ea68b514354202c26c0365df9a17f25cd5acdeeaea525cd913edc",
            "rendered": "version: 2\nethernets:\n  ens3:\n    dhcp4: true\n",
            "template": "version: 2\nethernets:\n  ens3:\n    dhcp4: true\n",
            "vars": null
          },
          "sensitive_attributes": []
        }
      ]
    },
    {
      "module": "module.vm[\"4\"]",
      "mode": "data",
      "type": "template_file",
      "name": "user_data",
      "provider": "provider[\"registry.terraform.io/hashicorp/template\"]",
      "instances": [
        {
          "schema_version": 0,
          "attributes": {
            "filename": null,
            "id": "92c733fb79e47a4c9ee752ea0afcc926fd8280b68e5daec988a31f743137f571",
            "rendered": "hostname: k8swk2\nfqdn: k8swk2.k8s.xprd.local\nmanage_etc_hosts: true\nusers:\n  - name: xavier\n    sudo: ALL=(ALL) NOPASSWD:ALL\n    groups: users, admin\n    home: /home/xavier\n    shell: /bin/bash\n    lock_passwd: false\n    ssh-authorized-keys:\n      - ssh-rsa AAAAB3NzaC1yc2EAAAADAQABAAABgQDMR4HezAMTlMSt9Z/5g67MlJ4v3CkC9wtVKwwDpVil5Y6T8AltmGL3NvNueQUK0BtWgt/r//yCeFl2JhJYCXsXC85GMXQdruZcFWCe8iUiam+uryghwwTf7uazvDtAEjI1TJl5YAs2ZprUn7VfbbJyHK61JkJuIMcaXo2Eg1R3aphLjqriEK6/ho5JpSylVwpWS5gj1bw7nhzKAJvffgLGmKewZddQ+VOavTQu0q/PE7k7qtaZhw9VS6pLODaD7OKLzWKA+weka0tsWQnCvm9BE8uOysbBx3qfYy2j1bXYwldNlVL6fDv9LTxIjB2HE5YV9V/kR6g9Y6RoaxHFCIWFdee4ULYAQhTOavzB55AmaJ+64HOmGr8cJbLi1CYU2WuNhOpSG4+GGZPX3cKZ3v3RRI/1/hUfP8h+7j4wZnlwH24hJn3OhkTWZ2iNqAwwWT7Ric3XV7xsdicbP+eA5JA58PA7LxsKZoGd0iharl/GloFlG+YL9Pfl/X0+y/SL/s0= xavier@zubuntu\n\nssh_pwauth: true\ndisable_root: false\nchpasswd:\n  list: |\n    xavier:linux\n  expire: False\npackages:\n    - qemu-guest-agent\n    - python3\nbootcmd:\n    - [ sh, -c, 'echo $(date) | sudo tee -a /root/bootcmd.log' ]\nruncmd:\n    - [ sh, -c, 'echo $(date) | sudo tee -a /root/runcmd.log' ]\nfinal_message: \"The system is finall up, after $UPTIME seconds\"\npower_state:\n  delay: \"+30\"\n  mode: reboot\n  message: Bye Bye\n  timeout: 30\n  condition: True\n",
            "template": "hostname: ${hostname}\nfqdn: ${fqdn}\nmanage_etc_hosts: true\nusers:\n  - name: ${ansible_user}\n    sudo: ALL=(ALL) NOPASSWD:ALL\n    groups: users, admin\n    home: /home/${ansible_user}\n    shell: /bin/bash\n    lock_passwd: false\n    ssh-authorized-keys:\n      - ${public_key}\nssh_pwauth: true\ndisable_root: false\nchpasswd:\n  list: |\n    ${ansible_user}:linux\n  expire: False\npackages:\n    - qemu-guest-agent\n    - python3\nbootcmd:\n    - [ sh, -c, 'echo $(date) | sudo tee -a /root/bootcmd.log' ]\nruncmd:\n    - [ sh, -c, 'echo $(date) | sudo tee -a /root/runcmd.log' ]\nfinal_message: \"The system is finall up, after $UPTIME seconds\"\npower_state:\n  delay: \"+30\"\n  mode: reboot\n  message: Bye Bye\n  timeout: 30\n  condition: True\n",
            "vars": {
              "ansible_user": "xavier",
              "fqdn": "k8swk2.k8s.xprd.local",
              "hostname": "k8swk2",
              "public_key": "ssh-rsa AAAAB3NzaC1yc2EAAAADAQABAAABgQDMR4HezAMTlMSt9Z/5g67MlJ4v3CkC9wtVKwwDpVil5Y6T8AltmGL3NvNueQUK0BtWgt/r//yCeFl2JhJYCXsXC85GMXQdruZcFWCe8iUiam+uryghwwTf7uazvDtAEjI1TJl5YAs2ZprUn7VfbbJyHK61JkJuIMcaXo2Eg1R3aphLjqriEK6/ho5JpSylVwpWS5gj1bw7nhzKAJvffgLGmKewZddQ+VOavTQu0q/PE7k7qtaZhw9VS6pLODaD7OKLzWKA+weka0tsWQnCvm9BE8uOysbBx3qfYy2j1bXYwldNlVL6fDv9LTxIjB2HE5YV9V/kR6g9Y6RoaxHFCIWFdee4ULYAQhTOavzB55AmaJ+64HOmGr8cJbLi1CYU2WuNhOpSG4+GGZPX3cKZ3v3RRI/1/hUfP8h+7j4wZnlwH24hJn3OhkTWZ2iNqAwwWT7Ric3XV7xsdicbP+eA5JA58PA7LxsKZoGd0iharl/GloFlG+YL9Pfl/X0+y/SL/s0= xavier@zubuntu\n"
            }
          },
          "sensitive_attributes": []
        }
      ]
    },
    {
      "module": "module.vm[\"4\"]",
      "mode": "managed",
      "type": "libvirt_cloudinit_disk",
      "name": "commoninit",
      "provider": "provider[\"registry.terraform.io/dmacvicar/libvirt\"].alternate",
      "instances": [
        {
          "schema_version": 0,
          "attributes": {
            "id": "/var/lib/libvirt/images/k8swk2-commoninit.iso;5a9e09e3-cbbc-4cbd-a811-5d4fdc923fd8",
            "meta_data": "",
            "name": "k8swk2-commoninit.iso",
            "network_config": "version: 2\nethernets:\n  ens3:\n    dhcp4: true\n",
            "pool": "default",
            "user_data": "Content-Type: multipart/mixed; boundary=\"MIMEBOUNDARY\"\nMIME-Version: 1.0\r\n\r\n--MIMEBOUNDARY\r\nContent-Disposition: attachment; filename=\"init.cfg\"\r\nContent-Transfer-Encoding: 7bit\r\nContent-Type: text/cloud-config\r\nMime-Version: 1.0\r\n\r\nhostname: k8swk2\nfqdn: k8swk2.k8s.xprd.local\nmanage_etc_hosts: true\nusers:\n  - name: xavier\n    sudo: ALL=(ALL) NOPASSWD:ALL\n    groups: users, admin\n    home: /home/xavier\n    shell: /bin/bash\n    lock_passwd: false\n    ssh-authorized-keys:\n      - ssh-rsa AAAAB3NzaC1yc2EAAAADAQABAAABgQDMR4HezAMTlMSt9Z/5g67MlJ4v3CkC9wtVKwwDpVil5Y6T8AltmGL3NvNueQUK0BtWgt/r//yCeFl2JhJYCXsXC85GMXQdruZcFWCe8iUiam+uryghwwTf7uazvDtAEjI1TJl5YAs2ZprUn7VfbbJyHK61JkJuIMcaXo2Eg1R3aphLjqriEK6/ho5JpSylVwpWS5gj1bw7nhzKAJvffgLGmKewZddQ+VOavTQu0q/PE7k7qtaZhw9VS6pLODaD7OKLzWKA+weka0tsWQnCvm9BE8uOysbBx3qfYy2j1bXYwldNlVL6fDv9LTxIjB2HE5YV9V/kR6g9Y6RoaxHFCIWFdee4ULYAQhTOavzB55AmaJ+64HOmGr8cJbLi1CYU2WuNhOpSG4+GGZPX3cKZ3v3RRI/1/hUfP8h+7j4wZnlwH24hJn3OhkTWZ2iNqAwwWT7Ric3XV7xsdicbP+eA5JA58PA7LxsKZoGd0iharl/GloFlG+YL9Pfl/X0+y/SL/s0= xavier@zubuntu\n\nssh_pwauth: true\ndisable_root: false\nchpasswd:\n  list: |\n    xavier:linux\n  expire: False\npackages:\n    - qemu-guest-agent\n    - python3\nbootcmd:\n    - [ sh, -c, 'echo $(date) | sudo tee -a /root/bootcmd.log' ]\nruncmd:\n    - [ sh, -c, 'echo $(date) | sudo tee -a /root/runcmd.log' ]\nfinal_message: \"The system is finall up, after $UPTIME seconds\"\npower_state:\n  delay: \"+30\"\n  mode: reboot\n  message: Bye Bye\n  timeout: 30\n  condition: True\n\r\n--MIMEBOUNDARY--\r\n"
          },
          "sensitive_attributes": [],
          "private": "bnVsbA==",
          "dependencies": [
            "module.vm.data.template_cloudinit_config.config",
            "module.vm.data.template_file.network_config",
            "module.vm.data.template_file.user_data"
          ]
        }
      ]
    },
    {
      "module": "module.vm[\"4\"]",
      "mode": "managed",
      "type": "libvirt_domain",
      "name": "domain-ubuntu",
      "provider": "provider[\"registry.terraform.io/dmacvicar/libvirt\"].alternate",
      "instances": [
        {
          "schema_version": 0,
          "attributes": {
            "arch": "x86_64",
            "autostart": false,
            "boot_device": [],
            "cloudinit": "/var/lib/libvirt/images/k8swk2-commoninit.iso;5a9e09e3-cbbc-4cbd-a811-5d4fdc923fd8",
            "cmdline": [],
            "console": [
              {
                "source_host": "127.0.0.1",
                "source_path": "",
                "source_service": "0",
                "target_port": "0",
                "target_type": "serial",
                "type": "pty"
              }
            ],
            "coreos_ignition": null,
            "cpu": [
              {
                "mode": "custom"
              }
            ],
            "description": "",
            "disk": [
              {
                "block_device": "",
                "file": "",
                "scsi": false,
                "url": "",
                "volume_id": "/data/kvm/pool01/k8swk2-resized-os_image",
                "wwn": ""
              }
            ],
            "emulator": "/usr/bin/qemu-system-x86_64",
            "filesystem": [],
            "firmware": null,
            "fw_cfg_name": "opt/com.coreos/config",
            "graphics": [
              {
                "autoport": true,
                "listen_address": "127.0.0.1",
                "listen_type": "address",
                "type": "spice",
                "websocket": 0
              }
            ],
            "id": "5fcc4397-a8a3-44ec-ae27-625a759dba19",
            "initrd": "",
            "kernel": "",
            "machine": "ubuntu",
            "memory": 4096,
            "metadata": null,
            "name": "k8swk2",
            "network_interface": [
              {
                "addresses": [
                  "192.168.122.190"
                ],
                "bridge": "",
                "hostname": "",
                "mac": "52:54:00:CE:13:D3",
                "macvtap": "",
                "network_id": "1ac9b7cc-e343-42a7-82e0-45b2e6252f49",
                "network_name": "default",
                "passthrough": "",
                "vepa": "",
                "wait_for_lease": false
              }
            ],
            "nvram": [],
            "qemu_agent": false,
            "running": true,
            "timeouts": null,
            "tpm": [],
            "type": "kvm",
            "vcpu": 2,
            "video": [],
            "xml": []
          },
          "sensitive_attributes": [],
          "private": "eyJlMmJmYjczMC1lY2FhLTExZTYtOGY4OC0zNDM2M2JjN2M0YzAiOnsiY3JlYXRlIjozMDAwMDAwMDAwMDB9fQ==",
          "dependencies": [
            "module.vm.data.template_cloudinit_config.config",
            "module.vm.data.template_file.network_config",
            "module.vm.data.template_file.user_data",
            "module.vm.libvirt_cloudinit_disk.commoninit",
            "module.vm.libvirt_volume.os_image",
            "module.vm.libvirt_volume.resized_os_image"
          ]
        }
      ]
    },
    {
      "module": "module.vm[\"4\"]",
      "mode": "managed",
      "type": "libvirt_volume",
      "name": "os_image",
      "provider": "provider[\"registry.terraform.io/dmacvicar/libvirt\"].alternate",
      "instances": [
        {
          "schema_version": 0,
          "attributes": {
            "base_volume_id": null,
            "base_volume_name": null,
            "base_volume_pool": null,
            "format": "qcow2",
            "id": "/data/kvm/pool01/k8swk2-os_image",
            "name": "k8swk2-os_image",
            "pool": "kvmpool01",
            "size": 2361393152,
            "source": "/home/xavier/Downloads/jammy-server-cloudimg-amd64.img",
            "xml": []
          },
          "sensitive_attributes": [],
          "private": "bnVsbA=="
        }
      ]
    },
    {
      "module": "module.vm[\"4\"]",
      "mode": "managed",
      "type": "libvirt_volume",
      "name": "resized_os_image",
      "provider": "provider[\"registry.terraform.io/dmacvicar/libvirt\"].alternate",
      "instances": [
        {
          "schema_version": 0,
          "attributes": {
            "base_volume_id": "/data/kvm/pool01/k8swk2-os_image",
            "base_volume_name": null,
            "base_volume_pool": null,
            "format": "qcow2",
            "id": "/data/kvm/pool01/k8swk2-resized-os_image",
            "name": "k8swk2-resized-os_image",
            "pool": "kvmpool01",
            "size": 32212254720,
            "source": null,
            "xml": []
          },
          "sensitive_attributes": [],
          "private": "bnVsbA==",
          "dependencies": [
            "module.vm.libvirt_volume.os_image"
          ]
        }
      ]
    },
    {
      "module": "module.vm[\"5\"]",
      "mode": "data",
      "type": "template_cloudinit_config",
      "name": "config",
      "provider": "provider[\"registry.terraform.io/hashicorp/template\"]",
      "instances": [
        {
          "schema_version": 0,
          "attributes": {
            "base64_encode": false,
            "gzip": false,
            "id": "168206291",
            "part": [
              {
                "content": "hostname: k8swk3\nfqdn: k8swk3.k8s.xprd.local\nmanage_etc_hosts: true\nusers:\n  - name: xavier\n    sudo: ALL=(ALL) NOPASSWD:ALL\n    groups: users, admin\n    home: /home/xavier\n    shell: /bin/bash\n    lock_passwd: false\n    ssh-authorized-keys:\n      - ssh-rsa AAAAB3NzaC1yc2EAAAADAQABAAABgQDMR4HezAMTlMSt9Z/5g67MlJ4v3CkC9wtVKwwDpVil5Y6T8AltmGL3NvNueQUK0BtWgt/r//yCeFl2JhJYCXsXC85GMXQdruZcFWCe8iUiam+uryghwwTf7uazvDtAEjI1TJl5YAs2ZprUn7VfbbJyHK61JkJuIMcaXo2Eg1R3aphLjqriEK6/ho5JpSylVwpWS5gj1bw7nhzKAJvffgLGmKewZddQ+VOavTQu0q/PE7k7qtaZhw9VS6pLODaD7OKLzWKA+weka0tsWQnCvm9BE8uOysbBx3qfYy2j1bXYwldNlVL6fDv9LTxIjB2HE5YV9V/kR6g9Y6RoaxHFCIWFdee4ULYAQhTOavzB55AmaJ+64HOmGr8cJbLi1CYU2WuNhOpSG4+GGZPX3cKZ3v3RRI/1/hUfP8h+7j4wZnlwH24hJn3OhkTWZ2iNqAwwWT7Ric3XV7xsdicbP+eA5JA58PA7LxsKZoGd0iharl/GloFlG+YL9Pfl/X0+y/SL/s0= xavier@zubuntu\n\nssh_pwauth: true\ndisable_root: false\nchpasswd:\n  list: |\n    xavier:linux\n  expire: False\npackages:\n    - qemu-guest-agent\n    - python3\nbootcmd:\n    - [ sh, -c, 'echo $(date) | sudo tee -a /root/bootcmd.log' ]\nruncmd:\n    - [ sh, -c, 'echo $(date) | sudo tee -a /root/runcmd.log' ]\nfinal_message: \"The system is finall up, after $UPTIME seconds\"\npower_state:\n  delay: \"+30\"\n  mode: reboot\n  message: Bye Bye\n  timeout: 30\n  condition: True\n",
                "content_type": "text/cloud-config",
                "filename": "init.cfg",
                "merge_type": ""
              }
            ],
            "rendered": "Content-Type: multipart/mixed; boundary=\"MIMEBOUNDARY\"\nMIME-Version: 1.0\r\n\r\n--MIMEBOUNDARY\r\nContent-Disposition: attachment; filename=\"init.cfg\"\r\nContent-Transfer-Encoding: 7bit\r\nContent-Type: text/cloud-config\r\nMime-Version: 1.0\r\n\r\nhostname: k8swk3\nfqdn: k8swk3.k8s.xprd.local\nmanage_etc_hosts: true\nusers:\n  - name: xavier\n    sudo: ALL=(ALL) NOPASSWD:ALL\n    groups: users, admin\n    home: /home/xavier\n    shell: /bin/bash\n    lock_passwd: false\n    ssh-authorized-keys:\n      - ssh-rsa AAAAB3NzaC1yc2EAAAADAQABAAABgQDMR4HezAMTlMSt9Z/5g67MlJ4v3CkC9wtVKwwDpVil5Y6T8AltmGL3NvNueQUK0BtWgt/r//yCeFl2JhJYCXsXC85GMXQdruZcFWCe8iUiam+uryghwwTf7uazvDtAEjI1TJl5YAs2ZprUn7VfbbJyHK61JkJuIMcaXo2Eg1R3aphLjqriEK6/ho5JpSylVwpWS5gj1bw7nhzKAJvffgLGmKewZddQ+VOavTQu0q/PE7k7qtaZhw9VS6pLODaD7OKLzWKA+weka0tsWQnCvm9BE8uOysbBx3qfYy2j1bXYwldNlVL6fDv9LTxIjB2HE5YV9V/kR6g9Y6RoaxHFCIWFdee4ULYAQhTOavzB55AmaJ+64HOmGr8cJbLi1CYU2WuNhOpSG4+GGZPX3cKZ3v3RRI/1/hUfP8h+7j4wZnlwH24hJn3OhkTWZ2iNqAwwWT7Ric3XV7xsdicbP+eA5JA58PA7LxsKZoGd0iharl/GloFlG+YL9Pfl/X0+y/SL/s0= xavier@zubuntu\n\nssh_pwauth: true\ndisable_root: false\nchpasswd:\n  list: |\n    xavier:linux\n  expire: False\npackages:\n    - qemu-guest-agent\n    - python3\nbootcmd:\n    - [ sh, -c, 'echo $(date) | sudo tee -a /root/bootcmd.log' ]\nruncmd:\n    - [ sh, -c, 'echo $(date) | sudo tee -a /root/runcmd.log' ]\nfinal_message: \"The system is finall up, after $UPTIME seconds\"\npower_state:\n  delay: \"+30\"\n  mode: reboot\n  message: Bye Bye\n  timeout: 30\n  condition: True\n\r\n--MIMEBOUNDARY--\r\n"
          },
          "sensitive_attributes": []
        }
      ]
    },
    {
      "module": "module.vm[\"5\"]",
      "mode": "data",
      "type": "template_file",
      "name": "network_config",
      "provider": "provider[\"registry.terraform.io/hashicorp/template\"]",
      "instances": [
        {
          "schema_version": 0,
          "attributes": {
            "filename": null,
            "id": "b36a1372ce4ea68b514354202c26c0365df9a17f25cd5acdeeaea525cd913edc",
            "rendered": "version: 2\nethernets:\n  ens3:\n    dhcp4: true\n",
            "template": "version: 2\nethernets:\n  ens3:\n    dhcp4: true\n",
            "vars": null
          },
          "sensitive_attributes": []
        }
      ]
    },
    {
      "module": "module.vm[\"5\"]",
      "mode": "data",
      "type": "template_file",
      "name": "user_data",
      "provider": "provider[\"registry.terraform.io/hashicorp/template\"]",
      "instances": [
        {
          "schema_version": 0,
          "attributes": {
            "filename": null,
            "id": "196286ac09237e1d05b509a1ea20ebdb2d7fcf311c080cba616a952bfc1735b9",
            "rendered": "hostname: k8swk3\nfqdn: k8swk3.k8s.xprd.local\nmanage_etc_hosts: true\nusers:\n  - name: xavier\n    sudo: ALL=(ALL) NOPASSWD:ALL\n    groups: users, admin\n    home: /home/xavier\n    shell: /bin/bash\n    lock_passwd: false\n    ssh-authorized-keys:\n      - ssh-rsa AAAAB3NzaC1yc2EAAAADAQABAAABgQDMR4HezAMTlMSt9Z/5g67MlJ4v3CkC9wtVKwwDpVil5Y6T8AltmGL3NvNueQUK0BtWgt/r//yCeFl2JhJYCXsXC85GMXQdruZcFWCe8iUiam+uryghwwTf7uazvDtAEjI1TJl5YAs2ZprUn7VfbbJyHK61JkJuIMcaXo2Eg1R3aphLjqriEK6/ho5JpSylVwpWS5gj1bw7nhzKAJvffgLGmKewZddQ+VOavTQu0q/PE7k7qtaZhw9VS6pLODaD7OKLzWKA+weka0tsWQnCvm9BE8uOysbBx3qfYy2j1bXYwldNlVL6fDv9LTxIjB2HE5YV9V/kR6g9Y6RoaxHFCIWFdee4ULYAQhTOavzB55AmaJ+64HOmGr8cJbLi1CYU2WuNhOpSG4+GGZPX3cKZ3v3RRI/1/hUfP8h+7j4wZnlwH24hJn3OhkTWZ2iNqAwwWT7Ric3XV7xsdicbP+eA5JA58PA7LxsKZoGd0iharl/GloFlG+YL9Pfl/X0+y/SL/s0= xavier@zubuntu\n\nssh_pwauth: true\ndisable_root: false\nchpasswd:\n  list: |\n    xavier:linux\n  expire: False\npackages:\n    - qemu-guest-agent\n    - python3\nbootcmd:\n    - [ sh, -c, 'echo $(date) | sudo tee -a /root/bootcmd.log' ]\nruncmd:\n    - [ sh, -c, 'echo $(date) | sudo tee -a /root/runcmd.log' ]\nfinal_message: \"The system is finall up, after $UPTIME seconds\"\npower_state:\n  delay: \"+30\"\n  mode: reboot\n  message: Bye Bye\n  timeout: 30\n  condition: True\n",
            "template": "hostname: ${hostname}\nfqdn: ${fqdn}\nmanage_etc_hosts: true\nusers:\n  - name: ${ansible_user}\n    sudo: ALL=(ALL) NOPASSWD:ALL\n    groups: users, admin\n    home: /home/${ansible_user}\n    shell: /bin/bash\n    lock_passwd: false\n    ssh-authorized-keys:\n      - ${public_key}\nssh_pwauth: true\ndisable_root: false\nchpasswd:\n  list: |\n    ${ansible_user}:linux\n  expire: False\npackages:\n    - qemu-guest-agent\n    - python3\nbootcmd:\n    - [ sh, -c, 'echo $(date) | sudo tee -a /root/bootcmd.log' ]\nruncmd:\n    - [ sh, -c, 'echo $(date) | sudo tee -a /root/runcmd.log' ]\nfinal_message: \"The system is finall up, after $UPTIME seconds\"\npower_state:\n  delay: \"+30\"\n  mode: reboot\n  message: Bye Bye\n  timeout: 30\n  condition: True\n",
            "vars": {
              "ansible_user": "xavier",
              "fqdn": "k8swk3.k8s.xprd.local",
              "hostname": "k8swk3",
              "public_key": "ssh-rsa AAAAB3NzaC1yc2EAAAADAQABAAABgQDMR4HezAMTlMSt9Z/5g67MlJ4v3CkC9wtVKwwDpVil5Y6T8AltmGL3NvNueQUK0BtWgt/r//yCeFl2JhJYCXsXC85GMXQdruZcFWCe8iUiam+uryghwwTf7uazvDtAEjI1TJl5YAs2ZprUn7VfbbJyHK61JkJuIMcaXo2Eg1R3aphLjqriEK6/ho5JpSylVwpWS5gj1bw7nhzKAJvffgLGmKewZddQ+VOavTQu0q/PE7k7qtaZhw9VS6pLODaD7OKLzWKA+weka0tsWQnCvm9BE8uOysbBx3qfYy2j1bXYwldNlVL6fDv9LTxIjB2HE5YV9V/kR6g9Y6RoaxHFCIWFdee4ULYAQhTOavzB55AmaJ+64HOmGr8cJbLi1CYU2WuNhOpSG4+GGZPX3cKZ3v3RRI/1/hUfP8h+7j4wZnlwH24hJn3OhkTWZ2iNqAwwWT7Ric3XV7xsdicbP+eA5JA58PA7LxsKZoGd0iharl/GloFlG+YL9Pfl/X0+y/SL/s0= xavier@zubuntu\n"
            }
          },
          "sensitive_attributes": []
        }
      ]
    },
    {
      "module": "module.vm[\"5\"]",
      "mode": "managed",
      "type": "libvirt_cloudinit_disk",
      "name": "commoninit",
      "provider": "provider[\"registry.terraform.io/dmacvicar/libvirt\"].alternate",
      "instances": [
        {
          "schema_version": 0,
          "attributes": {
            "id": "/var/lib/libvirt/images/k8swk3-commoninit.iso;e3a11a17-9959-46e2-b381-fb21a0dcb521",
            "meta_data": "",
            "name": "k8swk3-commoninit.iso",
            "network_config": "version: 2\nethernets:\n  ens3:\n    dhcp4: true\n",
            "pool": "default",
            "user_data": "Content-Type: multipart/mixed; boundary=\"MIMEBOUNDARY\"\nMIME-Version: 1.0\r\n\r\n--MIMEBOUNDARY\r\nContent-Disposition: attachment; filename=\"init.cfg\"\r\nContent-Transfer-Encoding: 7bit\r\nContent-Type: text/cloud-config\r\nMime-Version: 1.0\r\n\r\nhostname: k8swk3\nfqdn: k8swk3.k8s.xprd.local\nmanage_etc_hosts: true\nusers:\n  - name: xavier\n    sudo: ALL=(ALL) NOPASSWD:ALL\n    groups: users, admin\n    home: /home/xavier\n    shell: /bin/bash\n    lock_passwd: false\n    ssh-authorized-keys:\n      - ssh-rsa AAAAB3NzaC1yc2EAAAADAQABAAABgQDMR4HezAMTlMSt9Z/5g67MlJ4v3CkC9wtVKwwDpVil5Y6T8AltmGL3NvNueQUK0BtWgt/r//yCeFl2JhJYCXsXC85GMXQdruZcFWCe8iUiam+uryghwwTf7uazvDtAEjI1TJl5YAs2ZprUn7VfbbJyHK61JkJuIMcaXo2Eg1R3aphLjqriEK6/ho5JpSylVwpWS5gj1bw7nhzKAJvffgLGmKewZddQ+VOavTQu0q/PE7k7qtaZhw9VS6pLODaD7OKLzWKA+weka0tsWQnCvm9BE8uOysbBx3qfYy2j1bXYwldNlVL6fDv9LTxIjB2HE5YV9V/kR6g9Y6RoaxHFCIWFdee4ULYAQhTOavzB55AmaJ+64HOmGr8cJbLi1CYU2WuNhOpSG4+GGZPX3cKZ3v3RRI/1/hUfP8h+7j4wZnlwH24hJn3OhkTWZ2iNqAwwWT7Ric3XV7xsdicbP+eA5JA58PA7LxsKZoGd0iharl/GloFlG+YL9Pfl/X0+y/SL/s0= xavier@zubuntu\n\nssh_pwauth: true\ndisable_root: false\nchpasswd:\n  list: |\n    xavier:linux\n  expire: False\npackages:\n    - qemu-guest-agent\n    - python3\nbootcmd:\n    - [ sh, -c, 'echo $(date) | sudo tee -a /root/bootcmd.log' ]\nruncmd:\n    - [ sh, -c, 'echo $(date) | sudo tee -a /root/runcmd.log' ]\nfinal_message: \"The system is finall up, after $UPTIME seconds\"\npower_state:\n  delay: \"+30\"\n  mode: reboot\n  message: Bye Bye\n  timeout: 30\n  condition: True\n\r\n--MIMEBOUNDARY--\r\n"
          },
          "sensitive_attributes": [],
          "private": "bnVsbA==",
          "dependencies": [
            "module.vm.data.template_cloudinit_config.config",
            "module.vm.data.template_file.network_config",
            "module.vm.data.template_file.user_data"
          ]
        }
      ]
    },
    {
      "module": "module.vm[\"5\"]",
      "mode": "managed",
      "type": "libvirt_domain",
      "name": "domain-ubuntu",
      "provider": "provider[\"registry.terraform.io/dmacvicar/libvirt\"].alternate",
      "instances": [
        {
          "schema_version": 0,
          "attributes": {
            "arch": "x86_64",
            "autostart": false,
            "boot_device": [],
            "cloudinit": "/var/lib/libvirt/images/k8swk3-commoninit.iso;e3a11a17-9959-46e2-b381-fb21a0dcb521",
            "cmdline": [],
            "console": [
              {
                "source_host": "127.0.0.1",
                "source_path": "",
                "source_service": "0",
                "target_port": "0",
                "target_type": "serial",
                "type": "pty"
              }
            ],
            "coreos_ignition": null,
            "cpu": [
              {
                "mode": "custom"
              }
            ],
            "description": "",
            "disk": [
              {
                "block_device": "",
                "file": "",
                "scsi": false,
                "url": "",
                "volume_id": "/data/kvm/pool01/k8swk3-resized-os_image",
                "wwn": ""
              }
            ],
            "emulator": "/usr/bin/qemu-system-x86_64",
            "filesystem": [],
            "firmware": null,
            "fw_cfg_name": "opt/com.coreos/config",
            "graphics": [
              {
                "autoport": true,
                "listen_address": "127.0.0.1",
                "listen_type": "address",
                "type": "spice",
                "websocket": 0
              }
            ],
            "id": "64e84180-40f6-4628-bee9-bede7e145565",
            "initrd": "",
            "kernel": "",
            "machine": "ubuntu",
            "memory": 4096,
            "metadata": null,
            "name": "k8swk3",
            "network_interface": [
              {
                "addresses": [
                  "192.168.122.169"
                ],
                "bridge": "",
                "hostname": "",
                "mac": "52:54:00:B6:B4:08",
                "macvtap": "",
                "network_id": "1ac9b7cc-e343-42a7-82e0-45b2e6252f49",
                "network_name": "default",
                "passthrough": "",
                "vepa": "",
                "wait_for_lease": false
              }
            ],
            "nvram": [],
            "qemu_agent": false,
            "running": true,
            "timeouts": null,
            "tpm": [],
            "type": "kvm",
            "vcpu": 2,
            "video": [],
            "xml": []
          },
          "sensitive_attributes": [],
          "private": "eyJlMmJmYjczMC1lY2FhLTExZTYtOGY4OC0zNDM2M2JjN2M0YzAiOnsiY3JlYXRlIjozMDAwMDAwMDAwMDB9fQ==",
          "dependencies": [
            "module.vm.data.template_cloudinit_config.config",
            "module.vm.data.template_file.network_config",
            "module.vm.data.template_file.user_data",
            "module.vm.libvirt_cloudinit_disk.commoninit",
            "module.vm.libvirt_volume.os_image",
            "module.vm.libvirt_volume.resized_os_image"
          ]
        }
      ]
    },
    {
      "module": "module.vm[\"5\"]",
      "mode": "managed",
      "type": "libvirt_volume",
      "name": "os_image",
      "provider": "provider[\"registry.terraform.io/dmacvicar/libvirt\"].alternate",
      "instances": [
        {
          "schema_version": 0,
          "attributes": {
            "base_volume_id": null,
            "base_volume_name": null,
            "base_volume_pool": null,
            "format": "qcow2",
            "id": "/data/kvm/pool01/k8swk3-os_image",
            "name": "k8swk3-os_image",
            "pool": "kvmpool01",
            "size": 2361393152,
            "source": "/home/xavier/Downloads/jammy-server-cloudimg-amd64.img",
            "xml": []
          },
          "sensitive_attributes": [],
          "private": "bnVsbA=="
        }
      ]
    },
    {
      "module": "module.vm[\"5\"]",
      "mode": "managed",
      "type": "libvirt_volume",
      "name": "resized_os_image",
      "provider": "provider[\"registry.terraform.io/dmacvicar/libvirt\"].alternate",
      "instances": [
        {
          "schema_version": 0,
          "attributes": {
            "base_volume_id": "/data/kvm/pool01/k8swk3-os_image",
            "base_volume_name": null,
            "base_volume_pool": null,
            "format": "qcow2",
            "id": "/data/kvm/pool01/k8swk3-resized-os_image",
            "name": "k8swk3-resized-os_image",
            "pool": "kvmpool01",
            "size": 32212254720,
            "source": null,
            "xml": []
          },
          "sensitive_attributes": [],
          "private": "bnVsbA==",
          "dependencies": [
            "module.vm.libvirt_volume.os_image"
          ]
        }
      ]
    },
    {
      "module": "module.vm_dns[\"0\"]",
      "mode": "managed",
      "type": "dns_a_record_set",
      "name": "srv",
      "provider": "provider[\"registry.terraform.io/hashicorp/dns\"]",
      "instances": [
        {
          "schema_version": 0,
          "attributes": {
            "addresses": [
              "192.168.122.178"
            ],
            "id": "k8sma1.k8s.xprd.local.",
            "name": "k8sma1",
            "ttl": 300,
            "zone": "k8s.xprd.local."
          },
          "sensitive_attributes": [],
          "private": "bnVsbA==",
          "dependencies": [
            "module.vm.data.template_cloudinit_config.config",
            "module.vm.data.template_file.network_config",
            "module.vm.data.template_file.user_data",
            "module.vm.libvirt_cloudinit_disk.commoninit",
            "module.vm.libvirt_domain.domain-ubuntu",
            "module.vm.libvirt_volume.os_image",
            "module.vm.libvirt_volume.resized_os_image"
          ]
        }
      ]
    },
    {
      "module": "module.vm_dns[\"0\"]",
      "mode": "managed",
      "type": "dns_ptr_record",
      "name": "ptr",
      "provider": "provider[\"registry.terraform.io/hashicorp/dns\"]",
      "instances": [
        {
          "schema_version": 0,
          "attributes": {
            "id": "178.122.168.192.in-addr.arpa.",
            "name": "178",
            "ptr": "k8sma1.k8s.xprd.local.",
            "ttl": 300,
            "zone": "122.168.192.in-addr.arpa."
          },
          "sensitive_attributes": [],
          "dependencies": [
            "module.vm.data.template_cloudinit_config.config",
            "module.vm.data.template_file.network_config",
            "module.vm.data.template_file.user_data",
            "module.vm.libvirt_cloudinit_disk.commoninit",
            "module.vm.libvirt_domain.domain-ubuntu",
            "module.vm.libvirt_volume.os_image",
            "module.vm.libvirt_volume.resized_os_image",
            "module.vm_dns.random_integer.fakeip"
          ]
        }
      ]
    },
    {
      "module": "module.vm_dns[\"0\"]",
      "mode": "managed",
      "type": "random_integer",
      "name": "fakeip",
      "provider": "provider[\"registry.terraform.io/hashicorp/random\"]",
      "instances": [
        {
          "schema_version": 0,
          "attributes": {
            "id": "181",
            "keepers": null,
            "max": 250,
            "min": 1,
            "result": 181,
            "seed": null
          },
          "sensitive_attributes": []
        }
      ]
    },
    {
      "module": "module.vm_dns[\"1\"]",
      "mode": "managed",
      "type": "dns_a_record_set",
      "name": "srv",
      "provider": "provider[\"registry.terraform.io/hashicorp/dns\"]",
      "instances": [
        {
          "schema_version": 0,
          "attributes": {
            "addresses": [
              "192.168.122.210"
            ],
            "id": "k8sma2.k8s.xprd.local.",
            "name": "k8sma2",
            "ttl": 300,
            "zone": "k8s.xprd.local."
          },
          "sensitive_attributes": [],
          "private": "bnVsbA==",
          "dependencies": [
            "module.vm.data.template_cloudinit_config.config",
            "module.vm.data.template_file.network_config",
            "module.vm.data.template_file.user_data",
            "module.vm.libvirt_cloudinit_disk.commoninit",
            "module.vm.libvirt_domain.domain-ubuntu",
            "module.vm.libvirt_volume.os_image",
            "module.vm.libvirt_volume.resized_os_image"
          ]
        }
      ]
    },
    {
      "module": "module.vm_dns[\"1\"]",
      "mode": "managed",
      "type": "dns_ptr_record",
      "name": "ptr",
      "provider": "provider[\"registry.terraform.io/hashicorp/dns\"]",
      "instances": [
        {
          "schema_version": 0,
          "attributes": {
            "id": "210.122.168.192.in-addr.arpa.",
            "name": "210",
            "ptr": "k8sma2.k8s.xprd.local.",
            "ttl": 300,
            "zone": "122.168.192.in-addr.arpa."
          },
          "sensitive_attributes": [],
          "dependencies": [
            "module.vm.data.template_cloudinit_config.config",
            "module.vm.data.template_file.network_config",
            "module.vm.data.template_file.user_data",
            "module.vm.libvirt_cloudinit_disk.commoninit",
            "module.vm.libvirt_domain.domain-ubuntu",
            "module.vm.libvirt_volume.os_image",
            "module.vm.libvirt_volume.resized_os_image",
            "module.vm_dns.random_integer.fakeip"
          ]
        }
      ]
    },
    {
      "module": "module.vm_dns[\"1\"]",
      "mode": "managed",
      "type": "random_integer",
      "name": "fakeip",
      "provider": "provider[\"registry.terraform.io/hashicorp/random\"]",
      "instances": [
        {
          "schema_version": 0,
          "attributes": {
            "id": "215",
            "keepers": null,
            "max": 250,
            "min": 1,
            "result": 215,
            "seed": null
          },
          "sensitive_attributes": []
        }
      ]
    },
    {
      "module": "module.vm_dns[\"2\"]",
      "mode": "managed",
      "type": "dns_a_record_set",
      "name": "srv",
      "provider": "provider[\"registry.terraform.io/hashicorp/dns\"]",
      "instances": [
        {
          "schema_version": 0,
          "attributes": {
            "addresses": [
              "192.168.122.168"
            ],
            "id": "k8sma3.k8s.xprd.local.",
            "name": "k8sma3",
            "ttl": 300,
            "zone": "k8s.xprd.local."
          },
          "sensitive_attributes": [],
          "private": "bnVsbA==",
          "dependencies": [
            "module.vm.data.template_cloudinit_config.config",
            "module.vm.data.template_file.network_config",
            "module.vm.data.template_file.user_data",
            "module.vm.libvirt_cloudinit_disk.commoninit",
            "module.vm.libvirt_domain.domain-ubuntu",
            "module.vm.libvirt_volume.os_image",
            "module.vm.libvirt_volume.resized_os_image"
          ]
        }
      ]
    },
    {
      "module": "module.vm_dns[\"2\"]",
      "mode": "managed",
      "type": "dns_ptr_record",
      "name": "ptr",
      "provider": "provider[\"registry.terraform.io/hashicorp/dns\"]",
      "instances": [
        {
          "schema_version": 0,
          "attributes": {
            "id": "168.122.168.192.in-addr.arpa.",
            "name": "168",
            "ptr": "k8sma3.k8s.xprd.local.",
            "ttl": 300,
            "zone": "122.168.192.in-addr.arpa."
          },
          "sensitive_attributes": [],
          "dependencies": [
            "module.vm.data.template_cloudinit_config.config",
            "module.vm.data.template_file.network_config",
            "module.vm.data.template_file.user_data",
            "module.vm.libvirt_cloudinit_disk.commoninit",
            "module.vm.libvirt_domain.domain-ubuntu",
            "module.vm.libvirt_volume.os_image",
            "module.vm.libvirt_volume.resized_os_image",
            "module.vm_dns.random_integer.fakeip"
          ]
        }
      ]
    },
    {
      "module": "module.vm_dns[\"2\"]",
      "mode": "managed",
      "type": "random_integer",
      "name": "fakeip",
      "provider": "provider[\"registry.terraform.io/hashicorp/random\"]",
      "instances": [
        {
          "schema_version": 0,
          "attributes": {
            "id": "215",
            "keepers": null,
            "max": 250,
            "min": 1,
            "result": 215,
            "seed": null
          },
          "sensitive_attributes": []
        }
      ]
    },
    {
      "module": "module.vm_dns[\"3\"]",
      "mode": "managed",
      "type": "dns_a_record_set",
      "name": "srv",
      "provider": "provider[\"registry.terraform.io/hashicorp/dns\"]",
      "instances": [
        {
          "schema_version": 0,
          "attributes": {
            "addresses": [
              "192.168.122.244"
            ],
            "id": "k8swk1.k8s.xprd.local.",
            "name": "k8swk1",
            "ttl": 300,
            "zone": "k8s.xprd.local."
          },
          "sensitive_attributes": [],
          "private": "bnVsbA==",
          "dependencies": [
            "module.vm.data.template_cloudinit_config.config",
            "module.vm.data.template_file.network_config",
            "module.vm.data.template_file.user_data",
            "module.vm.libvirt_cloudinit_disk.commoninit",
            "module.vm.libvirt_domain.domain-ubuntu",
            "module.vm.libvirt_volume.os_image",
            "module.vm.libvirt_volume.resized_os_image"
          ]
        }
      ]
    },
    {
      "module": "module.vm_dns[\"3\"]",
      "mode": "managed",
      "type": "dns_ptr_record",
      "name": "ptr",
      "provider": "provider[\"registry.terraform.io/hashicorp/dns\"]",
      "instances": [
        {
          "schema_version": 0,
          "attributes": {
            "id": "244.122.168.192.in-addr.arpa.",
            "name": "244",
            "ptr": "k8swk1.k8s.xprd.local.",
            "ttl": 300,
            "zone": "122.168.192.in-addr.arpa."
          },
          "sensitive_attributes": [],
          "dependencies": [
            "module.vm.data.template_cloudinit_config.config",
            "module.vm.data.template_file.network_config",
            "module.vm.data.template_file.user_data",
            "module.vm.libvirt_cloudinit_disk.commoninit",
            "module.vm.libvirt_domain.domain-ubuntu",
            "module.vm.libvirt_volume.os_image",
            "module.vm.libvirt_volume.resized_os_image",
            "module.vm_dns.random_integer.fakeip"
          ]
        }
      ]
    },
    {
      "module": "module.vm_dns[\"3\"]",
      "mode": "managed",
      "type": "random_integer",
      "name": "fakeip",
      "provider": "provider[\"registry.terraform.io/hashicorp/random\"]",
      "instances": [
        {
          "schema_version": 0,
          "attributes": {
            "id": "201",
            "keepers": null,
            "max": 250,
            "min": 1,
            "result": 201,
            "seed": null
          },
          "sensitive_attributes": []
        }
      ]
    },
    {
      "module": "module.vm_dns[\"4\"]",
      "mode": "managed",
      "type": "dns_a_record_set",
      "name": "srv",
      "provider": "provider[\"registry.terraform.io/hashicorp/dns\"]",
      "instances": [
        {
          "schema_version": 0,
          "attributes": {
            "addresses": [
              "192.168.122.190"
            ],
            "id": "k8swk2.k8s.xprd.local.",
            "name": "k8swk2",
            "ttl": 300,
            "zone": "k8s.xprd.local."
          },
          "sensitive_attributes": [],
          "private": "bnVsbA==",
          "dependencies": [
            "module.vm.data.template_cloudinit_config.config",
            "module.vm.data.template_file.network_config",
            "module.vm.data.template_file.user_data",
            "module.vm.libvirt_cloudinit_disk.commoninit",
            "module.vm.libvirt_domain.domain-ubuntu",
            "module.vm.libvirt_volume.os_image",
            "module.vm.libvirt_volume.resized_os_image"
          ]
        }
      ]
    },
    {
      "module": "module.vm_dns[\"4\"]",
      "mode": "managed",
      "type": "dns_ptr_record",
      "name": "ptr",
      "provider": "provider[\"registry.terraform.io/hashicorp/dns\"]",
      "instances": [
        {
          "schema_version": 0,
          "attributes": {
            "id": "190.122.168.192.in-addr.arpa.",
            "name": "190",
            "ptr": "k8swk2.k8s.xprd.local.",
            "ttl": 300,
            "zone": "122.168.192.in-addr.arpa."
          },
          "sensitive_attributes": [],
          "dependencies": [
            "module.vm.data.template_cloudinit_config.config",
            "module.vm.data.template_file.network_config",
            "module.vm.data.template_file.user_data",
            "module.vm.libvirt_cloudinit_disk.commoninit",
            "module.vm.libvirt_domain.domain-ubuntu",
            "module.vm.libvirt_volume.os_image",
            "module.vm.libvirt_volume.resized_os_image",
            "module.vm_dns.random_integer.fakeip"
          ]
        }
      ]
    },
    {
      "module": "module.vm_dns[\"4\"]",
      "mode": "managed",
      "type": "random_integer",
      "name": "fakeip",
      "provider": "provider[\"registry.terraform.io/hashicorp/random\"]",
      "instances": [
        {
          "schema_version": 0,
          "attributes": {
            "id": "161",
            "keepers": null,
            "max": 250,
            "min": 1,
            "result": 161,
            "seed": null
          },
          "sensitive_attributes": []
        }
      ]
    },
    {
      "module": "module.vm_dns[\"5\"]",
      "mode": "managed",
      "type": "dns_a_record_set",
      "name": "srv",
      "provider": "provider[\"registry.terraform.io/hashicorp/dns\"]",
      "instances": [
        {
          "schema_version": 0,
          "attributes": {
            "addresses": [
              "192.168.122.169"
            ],
            "id": "k8swk3.k8s.xprd.local.",
            "name": "k8swk3",
            "ttl": 300,
            "zone": "k8s.xprd.local."
          },
          "sensitive_attributes": [],
          "private": "bnVsbA==",
          "dependencies": [
            "module.vm.data.template_cloudinit_config.config",
            "module.vm.data.template_file.network_config",
            "module.vm.data.template_file.user_data",
            "module.vm.libvirt_cloudinit_disk.commoninit",
            "module.vm.libvirt_domain.domain-ubuntu",
            "module.vm.libvirt_volume.os_image",
            "module.vm.libvirt_volume.resized_os_image"
          ]
        }
      ]
    },
    {
      "module": "module.vm_dns[\"5\"]",
      "mode": "managed",
      "type": "dns_ptr_record",
      "name": "ptr",
      "provider": "provider[\"registry.terraform.io/hashicorp/dns\"]",
      "instances": [
        {
          "schema_version": 0,
          "attributes": {
            "id": "169.122.168.192.in-addr.arpa.",
            "name": "169",
            "ptr": "k8swk3.k8s.xprd.local.",
            "ttl": 300,
            "zone": "122.168.192.in-addr.arpa."
          },
          "sensitive_attributes": [],
          "dependencies": [
            "module.vm.data.template_cloudinit_config.config",
            "module.vm.data.template_file.network_config",
            "module.vm.data.template_file.user_data",
            "module.vm.libvirt_cloudinit_disk.commoninit",
            "module.vm.libvirt_domain.domain-ubuntu",
            "module.vm.libvirt_volume.os_image",
            "module.vm.libvirt_volume.resized_os_image",
            "module.vm_dns.random_integer.fakeip"
          ]
        }
      ]
    },
    {
      "module": "module.vm_dns[\"5\"]",
      "mode": "managed",
      "type": "random_integer",
      "name": "fakeip",
      "provider": "provider[\"registry.terraform.io/hashicorp/random\"]",
      "instances": [
        {
          "schema_version": 0,
          "attributes": {
            "id": "195",
            "keepers": null,
            "max": 250,
            "min": 1,
            "result": 195,
            "seed": null
          },
          "sensitive_attributes": []
        }
      ]
    }
  ],
  "check_results": null
}
