{
  "version": 4,
  "terraform_version": "1.6.6",
  "serial": 13,
  "lineage": "05cca107-f260-b826-9da0-29a1130d46a3",
  "outputs": {
    "domain_name": {
      "value": "k8S.xprd.local",
      "type": "string"
    },
    "information": {
      "value": [
        {
          "0": {
            "vm_address": [
              [
                "192.168.122.183"
              ]
            ],
            "vm_name": [
              "k8slb"
            ]
          }
        }
      ],
      "type": [
        "tuple",
        [
          [
            "object",
            {
              "0": [
                "object",
                {
                  "vm_address": [
                    "tuple",
                    [
                      [
                        "list",
                        "string"
                      ]
                    ]
                  ],
                  "vm_name": [
                    "tuple",
                    [
                      "string"
                    ]
                  ]
                }
              ]
            }
          ]
        ]
      ]
    },
    "lb_server": {
      "value": "192.168.122.183",
      "type": "string"
    }
  },
  "resources": [
    {
      "module": "module.vm[\"0\"]",
      "mode": "data",
      "type": "template_cloudinit_config",
      "name": "config",
      "provider": "provider[\"registry.terraform.io/hashicorp/template\"]",
      "instances": [
        {
          "schema_version": 0,
          "attributes": {
            "base64_encode": false,
            "gzip": false,
            "id": "2552527822",
            "part": [
              {
                "content": "hostname: k8slb\nfqdn: k8slb.k8S.xprd.local\nmanage_etc_hosts: true\nusers:\n  - name: xavier\n    sudo: ALL=(ALL) NOPASSWD:ALL\n    groups: users, admin\n    home: /home/xavier\n    shell: /bin/bash\n    lock_passwd: false\n    ssh-authorized-keys:\n      - ssh-rsa AAAAB3NzaC1yc2EAAAADAQABAAABgQDMR4HezAMTlMSt9Z/5g67MlJ4v3CkC9wtVKwwDpVil5Y6T8AltmGL3NvNueQUK0BtWgt/r//yCeFl2JhJYCXsXC85GMXQdruZcFWCe8iUiam+uryghwwTf7uazvDtAEjI1TJl5YAs2ZprUn7VfbbJyHK61JkJuIMcaXo2Eg1R3aphLjqriEK6/ho5JpSylVwpWS5gj1bw7nhzKAJvffgLGmKewZddQ+VOavTQu0q/PE7k7qtaZhw9VS6pLODaD7OKLzWKA+weka0tsWQnCvm9BE8uOysbBx3qfYy2j1bXYwldNlVL6fDv9LTxIjB2HE5YV9V/kR6g9Y6RoaxHFCIWFdee4ULYAQhTOavzB55AmaJ+64HOmGr8cJbLi1CYU2WuNhOpSG4+GGZPX3cKZ3v3RRI/1/hUfP8h+7j4wZnlwH24hJn3OhkTWZ2iNqAwwWT7Ric3XV7xsdicbP+eA5JA58PA7LxsKZoGd0iharl/GloFlG+YL9Pfl/X0+y/SL/s0= xavier@zubuntu\n\nssh_pwauth: true\ndisable_root: false\nchpasswd:\n  list: |\n    xavier:linux\n  expire: False\npackages:\n    - qemu-guest-agent\n    - python3\nbootcmd:\n    - [ sh, -c, 'echo $(date) | sudo tee -a /root/bootcmd.log' ]\nruncmd:\n    - [ sh, -c, 'echo $(date) | sudo tee -a /root/runcmd.log' ]\nfinal_message: \"The system is finall up, after $UPTIME seconds\"\npower_state:\n  delay: \"+30\"\n  mode: reboot\n  message: Bye Bye\n  timeout: 30\n  condition: True\n",
                "content_type": "text/cloud-config",
                "filename": "init.cfg",
                "merge_type": ""
              }
            ],
            "rendered": "Content-Type: multipart/mixed; boundary=\"MIMEBOUNDARY\"\nMIME-Version: 1.0\r\n\r\n--MIMEBOUNDARY\r\nContent-Disposition: attachment; filename=\"init.cfg\"\r\nContent-Transfer-Encoding: 7bit\r\nContent-Type: text/cloud-config\r\nMime-Version: 1.0\r\n\r\nhostname: k8slb\nfqdn: k8slb.k8S.xprd.local\nmanage_etc_hosts: true\nusers:\n  - name: xavier\n    sudo: ALL=(ALL) NOPASSWD:ALL\n    groups: users, admin\n    home: /home/xavier\n    shell: /bin/bash\n    lock_passwd: false\n    ssh-authorized-keys:\n      - ssh-rsa AAAAB3NzaC1yc2EAAAADAQABAAABgQDMR4HezAMTlMSt9Z/5g67MlJ4v3CkC9wtVKwwDpVil5Y6T8AltmGL3NvNueQUK0BtWgt/r//yCeFl2JhJYCXsXC85GMXQdruZcFWCe8iUiam+uryghwwTf7uazvDtAEjI1TJl5YAs2ZprUn7VfbbJyHK61JkJuIMcaXo2Eg1R3aphLjqriEK6/ho5JpSylVwpWS5gj1bw7nhzKAJvffgLGmKewZddQ+VOavTQu0q/PE7k7qtaZhw9VS6pLODaD7OKLzWKA+weka0tsWQnCvm9BE8uOysbBx3qfYy2j1bXYwldNlVL6fDv9LTxIjB2HE5YV9V/kR6g9Y6RoaxHFCIWFdee4ULYAQhTOavzB55AmaJ+64HOmGr8cJbLi1CYU2WuNhOpSG4+GGZPX3cKZ3v3RRI/1/hUfP8h+7j4wZnlwH24hJn3OhkTWZ2iNqAwwWT7Ric3XV7xsdicbP+eA5JA58PA7LxsKZoGd0iharl/GloFlG+YL9Pfl/X0+y/SL/s0= xavier@zubuntu\n\nssh_pwauth: true\ndisable_root: false\nchpasswd:\n  list: |\n    xavier:linux\n  expire: False\npackages:\n    - qemu-guest-agent\n    - python3\nbootcmd:\n    - [ sh, -c, 'echo $(date) | sudo tee -a /root/bootcmd.log' ]\nruncmd:\n    - [ sh, -c, 'echo $(date) | sudo tee -a /root/runcmd.log' ]\nfinal_message: \"The system is finall up, after $UPTIME seconds\"\npower_state:\n  delay: \"+30\"\n  mode: reboot\n  message: Bye Bye\n  timeout: 30\n  condition: True\n\r\n--MIMEBOUNDARY--\r\n"
          },
          "sensitive_attributes": []
        }
      ]
    },
    {
      "module": "module.vm[\"0\"]",
      "mode": "data",
      "type": "template_file",
      "name": "network_config",
      "provider": "provider[\"registry.terraform.io/hashicorp/template\"]",
      "instances": [
        {
          "schema_version": 0,
          "attributes": {
            "filename": null,
            "id": "b36a1372ce4ea68b514354202c26c0365df9a17f25cd5acdeeaea525cd913edc",
            "rendered": "version: 2\nethernets:\n  ens3:\n    dhcp4: true\n",
            "template": "version: 2\nethernets:\n  ens3:\n    dhcp4: true\n",
            "vars": null
          },
          "sensitive_attributes": []
        }
      ]
    },
    {
      "module": "module.vm[\"0\"]",
      "mode": "data",
      "type": "template_file",
      "name": "user_data",
      "provider": "provider[\"registry.terraform.io/hashicorp/template\"]",
      "instances": [
        {
          "schema_version": 0,
          "attributes": {
            "filename": null,
            "id": "36e65d250783d2bca9e73a63ad758f44c9f12f9531b5ca4b6c4b7136c2b3738a",
            "rendered": "hostname: k8slb\nfqdn: k8slb.k8S.xprd.local\nmanage_etc_hosts: true\nusers:\n  - name: xavier\n    sudo: ALL=(ALL) NOPASSWD:ALL\n    groups: users, admin\n    home: /home/xavier\n    shell: /bin/bash\n    lock_passwd: false\n    ssh-authorized-keys:\n      - ssh-rsa AAAAB3NzaC1yc2EAAAADAQABAAABgQDMR4HezAMTlMSt9Z/5g67MlJ4v3CkC9wtVKwwDpVil5Y6T8AltmGL3NvNueQUK0BtWgt/r//yCeFl2JhJYCXsXC85GMXQdruZcFWCe8iUiam+uryghwwTf7uazvDtAEjI1TJl5YAs2ZprUn7VfbbJyHK61JkJuIMcaXo2Eg1R3aphLjqriEK6/ho5JpSylVwpWS5gj1bw7nhzKAJvffgLGmKewZddQ+VOavTQu0q/PE7k7qtaZhw9VS6pLODaD7OKLzWKA+weka0tsWQnCvm9BE8uOysbBx3qfYy2j1bXYwldNlVL6fDv9LTxIjB2HE5YV9V/kR6g9Y6RoaxHFCIWFdee4ULYAQhTOavzB55AmaJ+64HOmGr8cJbLi1CYU2WuNhOpSG4+GGZPX3cKZ3v3RRI/1/hUfP8h+7j4wZnlwH24hJn3OhkTWZ2iNqAwwWT7Ric3XV7xsdicbP+eA5JA58PA7LxsKZoGd0iharl/GloFlG+YL9Pfl/X0+y/SL/s0= xavier@zubuntu\n\nssh_pwauth: true\ndisable_root: false\nchpasswd:\n  list: |\n    xavier:linux\n  expire: False\npackages:\n    - qemu-guest-agent\n    - python3\nbootcmd:\n    - [ sh, -c, 'echo $(date) | sudo tee -a /root/bootcmd.log' ]\nruncmd:\n    - [ sh, -c, 'echo $(date) | sudo tee -a /root/runcmd.log' ]\nfinal_message: \"The system is finall up, after $UPTIME seconds\"\npower_state:\n  delay: \"+30\"\n  mode: reboot\n  message: Bye Bye\n  timeout: 30\n  condition: True\n",
            "template": "hostname: ${hostname}\nfqdn: ${fqdn}\nmanage_etc_hosts: true\nusers:\n  - name: ${ansible_user}\n    sudo: ALL=(ALL) NOPASSWD:ALL\n    groups: users, admin\n    home: /home/${ansible_user}\n    shell: /bin/bash\n    lock_passwd: false\n    ssh-authorized-keys:\n      - ${public_key}\nssh_pwauth: true\ndisable_root: false\nchpasswd:\n  list: |\n    ${ansible_user}:linux\n  expire: False\npackages:\n    - qemu-guest-agent\n    - python3\nbootcmd:\n    - [ sh, -c, 'echo $(date) | sudo tee -a /root/bootcmd.log' ]\nruncmd:\n    - [ sh, -c, 'echo $(date) | sudo tee -a /root/runcmd.log' ]\nfinal_message: \"The system is finall up, after $UPTIME seconds\"\npower_state:\n  delay: \"+30\"\n  mode: reboot\n  message: Bye Bye\n  timeout: 30\n  condition: True\n",
            "vars": {
              "ansible_user": "xavier",
              "fqdn": "k8slb.k8S.xprd.local",
              "hostname": "k8slb",
              "public_key": "ssh-rsa AAAAB3NzaC1yc2EAAAADAQABAAABgQDMR4HezAMTlMSt9Z/5g67MlJ4v3CkC9wtVKwwDpVil5Y6T8AltmGL3NvNueQUK0BtWgt/r//yCeFl2JhJYCXsXC85GMXQdruZcFWCe8iUiam+uryghwwTf7uazvDtAEjI1TJl5YAs2ZprUn7VfbbJyHK61JkJuIMcaXo2Eg1R3aphLjqriEK6/ho5JpSylVwpWS5gj1bw7nhzKAJvffgLGmKewZddQ+VOavTQu0q/PE7k7qtaZhw9VS6pLODaD7OKLzWKA+weka0tsWQnCvm9BE8uOysbBx3qfYy2j1bXYwldNlVL6fDv9LTxIjB2HE5YV9V/kR6g9Y6RoaxHFCIWFdee4ULYAQhTOavzB55AmaJ+64HOmGr8cJbLi1CYU2WuNhOpSG4+GGZPX3cKZ3v3RRI/1/hUfP8h+7j4wZnlwH24hJn3OhkTWZ2iNqAwwWT7Ric3XV7xsdicbP+eA5JA58PA7LxsKZoGd0iharl/GloFlG+YL9Pfl/X0+y/SL/s0= xavier@zubuntu\n"
            }
          },
          "sensitive_attributes": []
        }
      ]
    },
    {
      "module": "module.vm[\"0\"]",
      "mode": "managed",
      "type": "libvirt_cloudinit_disk",
      "name": "commoninit",
      "provider": "provider[\"registry.terraform.io/dmacvicar/libvirt\"].alternate",
      "instances": [
        {
          "schema_version": 0,
          "attributes": {
            "id": "/var/lib/libvirt/images/k8slb-commoninit.iso;43b8b606-bfdc-47c3-92b3-ae59fd71da00",
            "meta_data": "",
            "name": "k8slb-commoninit.iso",
            "network_config": "version: 2\nethernets:\n  ens3:\n    dhcp4: true\n",
            "pool": "default",
            "user_data": "Content-Type: multipart/mixed; boundary=\"MIMEBOUNDARY\"\nMIME-Version: 1.0\r\n\r\n--MIMEBOUNDARY\r\nContent-Disposition: attachment; filename=\"init.cfg\"\r\nContent-Transfer-Encoding: 7bit\r\nContent-Type: text/cloud-config\r\nMime-Version: 1.0\r\n\r\nhostname: k8slb\nfqdn: k8slb.k8S.xprd.local\nmanage_etc_hosts: true\nusers:\n  - name: xavier\n    sudo: ALL=(ALL) NOPASSWD:ALL\n    groups: users, admin\n    home: /home/xavier\n    shell: /bin/bash\n    lock_passwd: false\n    ssh-authorized-keys:\n      - ssh-rsa AAAAB3NzaC1yc2EAAAADAQABAAABgQDMR4HezAMTlMSt9Z/5g67MlJ4v3CkC9wtVKwwDpVil5Y6T8AltmGL3NvNueQUK0BtWgt/r//yCeFl2JhJYCXsXC85GMXQdruZcFWCe8iUiam+uryghwwTf7uazvDtAEjI1TJl5YAs2ZprUn7VfbbJyHK61JkJuIMcaXo2Eg1R3aphLjqriEK6/ho5JpSylVwpWS5gj1bw7nhzKAJvffgLGmKewZddQ+VOavTQu0q/PE7k7qtaZhw9VS6pLODaD7OKLzWKA+weka0tsWQnCvm9BE8uOysbBx3qfYy2j1bXYwldNlVL6fDv9LTxIjB2HE5YV9V/kR6g9Y6RoaxHFCIWFdee4ULYAQhTOavzB55AmaJ+64HOmGr8cJbLi1CYU2WuNhOpSG4+GGZPX3cKZ3v3RRI/1/hUfP8h+7j4wZnlwH24hJn3OhkTWZ2iNqAwwWT7Ric3XV7xsdicbP+eA5JA58PA7LxsKZoGd0iharl/GloFlG+YL9Pfl/X0+y/SL/s0= xavier@zubuntu\n\nssh_pwauth: true\ndisable_root: false\nchpasswd:\n  list: |\n    xavier:linux\n  expire: False\npackages:\n    - qemu-guest-agent\n    - python3\nbootcmd:\n    - [ sh, -c, 'echo $(date) | sudo tee -a /root/bootcmd.log' ]\nruncmd:\n    - [ sh, -c, 'echo $(date) | sudo tee -a /root/runcmd.log' ]\nfinal_message: \"The system is finall up, after $UPTIME seconds\"\npower_state:\n  delay: \"+30\"\n  mode: reboot\n  message: Bye Bye\n  timeout: 30\n  condition: True\n\r\n--MIMEBOUNDARY--\r\n"
          },
          "sensitive_attributes": [],
          "private": "bnVsbA==",
          "dependencies": [
            "module.vm.data.template_cloudinit_config.config",
            "module.vm.data.template_file.network_config",
            "module.vm.data.template_file.user_data"
          ]
        }
      ]
    },
    {
      "module": "module.vm[\"0\"]",
      "mode": "managed",
      "type": "libvirt_domain",
      "name": "domain-ubuntu",
      "provider": "provider[\"registry.terraform.io/dmacvicar/libvirt\"].alternate",
      "instances": [
        {
          "schema_version": 0,
          "attributes": {
            "arch": "x86_64",
            "autostart": false,
            "boot_device": [],
            "cloudinit": "/var/lib/libvirt/images/k8slb-commoninit.iso;43b8b606-bfdc-47c3-92b3-ae59fd71da00",
            "cmdline": [],
            "console": [
              {
                "source_host": "127.0.0.1",
                "source_path": "",
                "source_service": "0",
                "target_port": "0",
                "target_type": "serial",
                "type": "pty"
              }
            ],
            "coreos_ignition": null,
            "cpu": [
              {
                "mode": "custom"
              }
            ],
            "description": "",
            "disk": [
              {
                "block_device": "",
                "file": "",
                "scsi": false,
                "url": "",
                "volume_id": "/data/kvm/pool01/k8slb-resized-os_image",
                "wwn": ""
              }
            ],
            "emulator": "/usr/bin/qemu-system-x86_64",
            "filesystem": [],
            "firmware": null,
            "fw_cfg_name": "opt/com.coreos/config",
            "graphics": [
              {
                "autoport": true,
                "listen_address": "127.0.0.1",
                "listen_type": "address",
                "type": "spice",
                "websocket": 0
              }
            ],
            "id": "8a605588-f3bb-482d-b70f-30ebdf702249",
            "initrd": "",
            "kernel": "",
            "machine": "ubuntu",
            "memory": 2048,
            "metadata": null,
            "name": "k8slb",
            "network_interface": [
              {
                "addresses": [
                  "192.168.122.183"
                ],
                "bridge": "",
                "hostname": "",
                "mac": "52:54:00:5A:D1:0F",
                "macvtap": "",
                "network_id": "1ac9b7cc-e343-42a7-82e0-45b2e6252f49",
                "network_name": "default",
                "passthrough": "",
                "vepa": "",
                "wait_for_lease": false
              }
            ],
            "nvram": [],
            "qemu_agent": false,
            "running": true,
            "timeouts": null,
            "tpm": [],
            "type": "kvm",
            "vcpu": 1,
            "video": [],
            "xml": []
          },
          "sensitive_attributes": [],
          "private": "eyJlMmJmYjczMC1lY2FhLTExZTYtOGY4OC0zNDM2M2JjN2M0YzAiOnsiY3JlYXRlIjozMDAwMDAwMDAwMDB9fQ==",
          "dependencies": [
            "module.vm.data.template_cloudinit_config.config",
            "module.vm.data.template_file.network_config",
            "module.vm.data.template_file.user_data",
            "module.vm.libvirt_cloudinit_disk.commoninit",
            "module.vm.libvirt_volume.os_image",
            "module.vm.libvirt_volume.resized_os_image"
          ]
        }
      ]
    },
    {
      "module": "module.vm[\"0\"]",
      "mode": "managed",
      "type": "libvirt_volume",
      "name": "os_image",
      "provider": "provider[\"registry.terraform.io/dmacvicar/libvirt\"].alternate",
      "instances": [
        {
          "schema_version": 0,
          "attributes": {
            "base_volume_id": null,
            "base_volume_name": null,
            "base_volume_pool": null,
            "format": "qcow2",
            "id": "/data/kvm/pool01/k8slb-os_image",
            "name": "k8slb-os_image",
            "pool": "kvmpool01",
            "size": 2361393152,
            "source": "/home/xavier/Downloads/jammy-server-cloudimg-amd64.img",
            "xml": []
          },
          "sensitive_attributes": [],
          "private": "bnVsbA=="
        }
      ]
    },
    {
      "module": "module.vm[\"0\"]",
      "mode": "managed",
      "type": "libvirt_volume",
      "name": "resized_os_image",
      "provider": "provider[\"registry.terraform.io/dmacvicar/libvirt\"].alternate",
      "instances": [
        {
          "schema_version": 0,
          "attributes": {
            "base_volume_id": "/data/kvm/pool01/k8slb-os_image",
            "base_volume_name": null,
            "base_volume_pool": null,
            "format": "qcow2",
            "id": "/data/kvm/pool01/k8slb-resized-os_image",
            "name": "k8slb-resized-os_image",
            "pool": "kvmpool01",
            "size": 10737418240,
            "source": null,
            "xml": []
          },
          "sensitive_attributes": [],
          "private": "bnVsbA==",
          "dependencies": [
            "module.vm.libvirt_volume.os_image"
          ]
        }
      ]
    },
    {
      "module": "module.vm_dns[\"0\"]",
      "mode": "managed",
      "type": "dns_a_record_set",
      "name": "srv",
      "provider": "provider[\"registry.terraform.io/hashicorp/dns\"]",
      "instances": [
        {
          "schema_version": 0,
          "attributes": {
            "addresses": [
              "192.168.122.183"
            ],
            "id": "k8slb.k8s.xprd.local.",
            "name": "k8slb",
            "ttl": 300,
            "zone": "k8s.xprd.local."
          },
          "sensitive_attributes": [],
          "private": "bnVsbA==",
          "dependencies": [
            "module.vm.data.template_cloudinit_config.config",
            "module.vm.data.template_file.network_config",
            "module.vm.data.template_file.user_data",
            "module.vm.libvirt_cloudinit_disk.commoninit",
            "module.vm.libvirt_domain.domain-ubuntu",
            "module.vm.libvirt_volume.os_image",
            "module.vm.libvirt_volume.resized_os_image"
          ]
        }
      ]
    },
    {
      "module": "module.vm_dns[\"0\"]",
      "mode": "managed",
      "type": "dns_ptr_record",
      "name": "ptr",
      "provider": "provider[\"registry.terraform.io/hashicorp/dns\"]",
      "instances": [
        {
          "schema_version": 0,
          "attributes": {
            "id": "183.122.168.192.in-addr.arpa.",
            "name": "183",
            "ptr": "k8slb.k8s.xprd.local.",
            "ttl": 300,
            "zone": "122.168.192.in-addr.arpa."
          },
          "sensitive_attributes": [],
          "dependencies": [
            "module.vm.data.template_cloudinit_config.config",
            "module.vm.data.template_file.network_config",
            "module.vm.data.template_file.user_data",
            "module.vm.libvirt_cloudinit_disk.commoninit",
            "module.vm.libvirt_domain.domain-ubuntu",
            "module.vm.libvirt_volume.os_image",
            "module.vm.libvirt_volume.resized_os_image",
            "module.vm_dns.random_integer.fakeip"
          ]
        }
      ]
    },
    {
      "module": "module.vm_dns[\"0\"]",
      "mode": "managed",
      "type": "random_integer",
      "name": "fakeip",
      "provider": "provider[\"registry.terraform.io/hashicorp/random\"]",
      "instances": [
        {
          "schema_version": 0,
          "attributes": {
            "id": "86",
            "keepers": null,
            "max": 250,
            "min": 1,
            "result": 86,
            "seed": null
          },
          "sensitive_attributes": []
        }
      ]
    }
  ],
  "check_results": null
}
